Microsoft Visual Studio Solution File, Format Version 8.00
Project("{8BC9CEB8-8B4A-11D0-8D11-00A0C91BC942}") = "XR_3DA", "XR_3DA.vcproj", "{2578C6D8-660D-48AE-9322-7422F8664F06}"
	ProjectSection(ProjectDependencies) = postProject
		{CCCA7859-EB86-493E-9B53-C4235F45B3C5} = {CCCA7859-EB86-493E-9B53-C4235F45B3C5}
		{94A1C366-3D19-48E6-8170-4ADC2E70DF97} = {94A1C366-3D19-48E6-8170-4ADC2E70DF97}
		{9ACE5473-6D68-4B96-AC42-B39EABA0FE1F} = {9ACE5473-6D68-4B96-AC42-B39EABA0FE1F}
		{A19B1DF2-82EC-4364-8BDF-85D13A1C89B5} = {A19B1DF2-82EC-4364-8BDF-85D13A1C89B5}
		{A0F7D1FB-59A7-4717-A7E4-96F37E91998E} = {A0F7D1FB-59A7-4717-A7E4-96F37E91998E}
	EndProjectSection
EndProject
Project("{8BC9CEB8-8B4A-11D0-8D11-00A0C91BC942}") = "xrCPU_Pipe", "xrCPU_Pipe\xrCPU_Pipe.vcproj", "{CA0649DD-D089-423A-981C-46B57A884EB9}"
	ProjectSection(ProjectDependencies) = postProject
		{2578C6D8-660D-48AE-9322-7422F8664F06} = {2578C6D8-660D-48AE-9322-7422F8664F06}
		{A0F7D1FB-59A7-4717-A7E4-96F37E91998E} = {A0F7D1FB-59A7-4717-A7E4-96F37E91998E}
	EndProjectSection
EndProject
Project("{8BC9CEB8-8B4A-11D0-8D11-00A0C91BC942}") = "xrGame", "xrGame\xrGame.vcproj", "{200652A6-043E-4634-8837-87983B3BD5E0}"
	ProjectSection(ProjectDependencies) = postProject
		{CCCA7859-EB86-493E-9B53-C4235F45B3C5} = {CCCA7859-EB86-493E-9B53-C4235F45B3C5}
		{94A1C366-3D19-48E6-8170-4ADC2E70DF97} = {94A1C366-3D19-48E6-8170-4ADC2E70DF97}
		{94A1C366-3D19-48E6-8170-4ADC2E70DF98} = {94A1C366-3D19-48E6-8170-4ADC2E70DF98}
		{435BAC9A-B225-457D-AB40-C9BD0CC8838C} = {435BAC9A-B225-457D-AB40-C9BD0CC8838C}
		{2578C6D8-660D-48AE-9322-7422F8664F06} = {2578C6D8-660D-48AE-9322-7422F8664F06}
		{CA0649DD-D089-423A-981C-46B57A884EB9} = {CA0649DD-D089-423A-981C-46B57A884EB9}
		{A19B1DF2-82EC-4364-8BDF-85D13A1C89B5} = {A19B1DF2-82EC-4364-8BDF-85D13A1C89B5}
		{A0F7D1FB-59A7-4717-A7E4-96F37E91998E} = {A0F7D1FB-59A7-4717-A7E4-96F37E91998E}
	EndProjectSection
EndProject
Project("{8BC9CEB8-8B4A-11D0-8D11-00A0C91BC942}") = "xrSound", "..\xrSound\xrSound.vcproj", "{CCCA7859-EB86-493E-9B53-C4235F45B3C5}"
	ProjectSection(ProjectDependencies) = postProject
		{A19B1DF2-82EC-4364-8BDF-85D13A1C89B5} = {A19B1DF2-82EC-4364-8BDF-85D13A1C89B5}
		{A0F7D1FB-59A7-4717-A7E4-96F37E91998E} = {A0F7D1FB-59A7-4717-A7E4-96F37E91998E}
	EndProjectSection
EndProject
Project("{8BC9CEB8-8B4A-11D0-8D11-00A0C91BC942}") = "xrCore", "..\xrCore\xrCore.vcproj", "{A0F7D1FB-59A7-4717-A7E4-96F37E91998E}"
	ProjectSection(ProjectDependencies) = postProject
		{1BF75FEB-87DD-486C-880B-227987D191C2} = {1BF75FEB-87DD-486C-880B-227987D191C2}
	EndProjectSection
EndProject
Project("{8BC9CEB8-8B4A-11D0-8D11-00A0C91BC942}") = "xrCDB", "..\xrCDB\xrCDB.vcproj", "{A19B1DF2-82EC-4364-8BDF-85D13A1C89B5}"
	ProjectSection(ProjectDependencies) = postProject
		{A0F7D1FB-59A7-4717-A7E4-96F37E91998E} = {A0F7D1FB-59A7-4717-A7E4-96F37E91998E}
	EndProjectSection
EndProject
Project("{8BC9CEB8-8B4A-11D0-8D11-00A0C91BC942}") = "xrRender_R1", "xrRender_R1\xrRender_R1.vcproj", "{57A498C9-A741-4DDF-8EFC-BFB9EB6B00E2}"
	ProjectSection(ProjectDependencies) = postProject
		{94A1C366-3D19-48E6-8170-4ADC2E70DF97} = {94A1C366-3D19-48E6-8170-4ADC2E70DF97}
		{2578C6D8-660D-48AE-9322-7422F8664F06} = {2578C6D8-660D-48AE-9322-7422F8664F06}
		{CA0649DD-D089-423A-981C-46B57A884EB9} = {CA0649DD-D089-423A-981C-46B57A884EB9}
		{A19B1DF2-82EC-4364-8BDF-85D13A1C89B5} = {A19B1DF2-82EC-4364-8BDF-85D13A1C89B5}
		{A0F7D1FB-59A7-4717-A7E4-96F37E91998E} = {A0F7D1FB-59A7-4717-A7E4-96F37E91998E}
	EndProjectSection
EndProject
Project("{8BC9CEB8-8B4A-11D0-8D11-00A0C91BC942}") = "xrRender_R2", "xrRender_R2\xrRender_R2.vcproj", "{963BA4E5-499A-454D-B002-1D5ECE0527A6}"
	ProjectSection(ProjectDependencies) = postProject
		{94A1C366-3D19-48E6-8170-4ADC2E70DF97} = {94A1C366-3D19-48E6-8170-4ADC2E70DF97}
		{2578C6D8-660D-48AE-9322-7422F8664F06} = {2578C6D8-660D-48AE-9322-7422F8664F06}
		{CA0649DD-D089-423A-981C-46B57A884EB9} = {CA0649DD-D089-423A-981C-46B57A884EB9}
		{A19B1DF2-82EC-4364-8BDF-85D13A1C89B5} = {A19B1DF2-82EC-4364-8BDF-85D13A1C89B5}
		{A0F7D1FB-59A7-4717-A7E4-96F37E91998E} = {A0F7D1FB-59A7-4717-A7E4-96F37E91998E}
	EndProjectSection
EndProject
Project("{8BC9CEB8-8B4A-11D0-8D11-00A0C91BC942}") = "xrXMLParser", "..\xrXMLParser\xrXMLParser.vcproj", "{94A1C366-3D19-48E6-8170-4ADC2E70DF98}"
	ProjectSection(ProjectDependencies) = postProject
		{A0F7D1FB-59A7-4717-A7E4-96F37E91998E} = {A0F7D1FB-59A7-4717-A7E4-96F37E91998E}
	EndProjectSection
EndProject
Project("{8BC9CEB8-8B4A-11D0-8D11-00A0C91BC942}") = "ode", "..\xrODE\contrib\msvc7\ode_default\default.vcproj", "{1BF75FEB-87DD-486C-880B-227987D191C2}"
	ProjectSection(ProjectDependencies) = postProject
	EndProjectSection
EndProject
Project("{8BC9CEB8-8B4A-11D0-8D11-00A0C91BC942}") = "xrParticles", "..\xrParticles\xrParticles.vcproj", "{94A1C366-3D19-48E6-8170-4ADC2E70DF97}"
	ProjectSection(ProjectDependencies) = postProject
		{A0F7D1FB-59A7-4717-A7E4-96F37E91998E} = {A0F7D1FB-59A7-4717-A7E4-96F37E91998E}
	EndProjectSection
EndProject
Project("{8BC9CEB8-8B4A-11D0-8D11-00A0C91BC942}") = "xrNetServer", "..\xrNetServer\xrNetServer.vcproj", "{435BAC9A-B225-457D-AB40-C9BD0CC8838C}"
	ProjectSection(ProjectDependencies) = postProject
		{A0F7D1FB-59A7-4717-A7E4-96F37E91998E} = {A0F7D1FB-59A7-4717-A7E4-96F37E91998E}
	EndProjectSection
EndProject
Project("{8BC9CEB8-8B4A-11D0-8D11-00A0C91BC942}") = "xrSE_Factory", "..\xrSE_Factory\xrSE_Factory.vcproj", "{3AD26FD3-4F52-4E22-A4CF-AD4C49E74C61}"
	ProjectSection(ProjectDependencies) = postProject
		{9ACE5473-6D68-4B96-AC42-B39EABA0FE1F} = {9ACE5473-6D68-4B96-AC42-B39EABA0FE1F}
		{A0F7D1FB-59A7-4717-A7E4-96F37E91998E} = {A0F7D1FB-59A7-4717-A7E4-96F37E91998E}
	EndProjectSection
EndProject
Project("{8BC9CEB8-8B4A-11D0-8D11-00A0C91BC942}") = "xrCompress", "..\xrCompress\xrCompress.vcproj", "{EF76867B-6EB8-4DC0-A1D6-E964FAD6FC7B}"
	ProjectSection(ProjectDependencies) = postProject
		{A0F7D1FB-59A7-4717-A7E4-96F37E91998E} = {A0F7D1FB-59A7-4717-A7E4-96F37E91998E}
	EndProjectSection
EndProject
Project("{8BC9CEB8-8B4A-11D0-8D11-00A0C91BC942}") = "scriptDbgIde", "xrScriptDbgIde\xrScriptDebudIde.vcproj", "{2024BB4B-9C57-4EA7-B355-1FFF6FD5CE12}"
	ProjectSection(ProjectDependencies) = postProject
		{0D43EDC2-A071-4407-9E54-4D136FB854CB} = {0D43EDC2-A071-4407-9E54-4D136FB854CB}
		{17C3FFE4-A323-4A8F-B759-336D6D5EEF5F} = {17C3FFE4-A323-4A8F-B759-336D6D5EEF5F}
	EndProjectSection
EndProject
Project("{8BC9CEB8-8B4A-11D0-8D11-00A0C91BC942}") = "CJ60Lib", "..\cjLib\CJ60Lib.vcproj", "{17C3FFE4-A323-4A8F-B759-336D6D5EEF5F}"
	ProjectSection(ProjectDependencies) = postProject
	EndProjectSection
EndProject
Project("{8BC9CEB8-8B4A-11D0-8D11-00A0C91BC942}") = "SciLexer", "..\scintilla\SciLexer.vcproj", "{0D43EDC2-A071-4407-9E54-4D136FB854CB}"
	ProjectSection(ProjectDependencies) = postProject
	EndProjectSection
EndProject
Project("{8BC9CEB8-8B4A-11D0-8D11-00A0C91BC942}") = "xrUpdate", "..\xrUpdate\xrUpdate.vcproj", "{EB640632-D0F6-47F3-BCA0-F5E74AE4E0DD}"
	ProjectSection(ProjectDependencies) = postProject
	EndProjectSection
EndProject
Project("{8BC9CEB8-8B4A-11D0-8D11-00A0C91BC942}") = "xrLauncher", "..\xrLauncher\xrLauncher.vcproj", "{1C86CAB0-0F44-4D47-B8E1-333492359CCC}"
	ProjectSection(ProjectDependencies) = postProject
	EndProjectSection
EndProject
Project("{8BC9CEB8-8B4A-11D0-8D11-00A0C91BC942}") = "xrStalker", "X:\GAMEDATA\xrstalker.vcproj", "{90F938A1-176A-4379-A3D1-DD516E8A6DC1}"
	ProjectSection(ProjectDependencies) = postProject
	EndProjectSection
EndProject
Project("{8BC9CEB8-8B4A-11D0-8D11-00A0C91BC942}") = "xrD3D9-Null", "xrD3D9-Null\xrD3D9-Null.vcproj", "{0899B131-F1D4-4876-9BA1-67AC821DB9E1}"
	ProjectSection(ProjectDependencies) = postProject
	EndProjectSection
EndProject
Project("{8BC9CEB8-8B4A-11D0-8D11-00A0C91BC942}") = "ren_translit", "..\test\ren_translit\ren_translit.vcproj", "{1C6AF5D3-2901-4EB8-BE5D-E25729F6B3F9}"
	ProjectSection(ProjectDependencies) = postProject
	EndProjectSection
EndProject
Project("{8BC9CEB8-8B4A-11D0-8D11-00A0C91BC942}") = "xrLUA_JIT", "..\xrLUA_JIT\xrLUA_JIT.vcproj", "{9ACE5473-6D68-4B96-AC42-B39EABA0FE1F}"
	ProjectSection(ProjectDependencies) = postProject
		{A0F7D1FB-59A7-4717-A7E4-96F37E91998E} = {A0F7D1FB-59A7-4717-A7E4-96F37E91998E}
	EndProjectSection
EndProject
Project("{8BC9CEB8-8B4A-11D0-8D11-00A0C91BC942}") = "xrGameSpy", "xrGame\xrGameSpy\xrGameSpy.vcproj", "{5535F6B4-7AE6-4B66-8AEA-CC31C14D7AB7}"
	ProjectSection(ProjectDependencies) = postProject
	EndProjectSection
EndProject
Project("{8BC9CEB8-8B4A-11D0-8D11-00A0C91BC942}") = "xrLC", "..\xrLC\xrLC.vcproj", "{880F6E60-9D28-4DBA-82FD-9660FD863CA2}"
	ProjectSection(ProjectDependencies) = postProject
		{EBF9B543-0830-4866-9B48-DC0740E87E8A} = {EBF9B543-0830-4866-9B48-DC0740E87E8A}
		{65CBB9D0-FBC6-41A4-8316-F5E9B5D7FB33} = {65CBB9D0-FBC6-41A4-8316-F5E9B5D7FB33}
		{F1836CE2-59EF-4189-8B9C-D103A511CB27} = {F1836CE2-59EF-4189-8B9C-D103A511CB27}
		{A19B1DF2-82EC-4364-8BDF-85D13A1C89B5} = {A19B1DF2-82EC-4364-8BDF-85D13A1C89B5}
		{A0F7D1FB-59A7-4717-A7E4-96F37E91998E} = {A0F7D1FB-59A7-4717-A7E4-96F37E91998E}
	EndProjectSection
EndProject
Project("{8BC9CEB8-8B4A-11D0-8D11-00A0C91BC942}") = "ETools", "..\editors\Tools\ETools\ETools.vcproj", "{65CBB9D0-FBC6-41A4-8316-F5E9B5D7FB33}"
	ProjectSection(ProjectDependencies) = postProject
		{F1836CE2-59EF-4189-8B9C-D103A511CB27} = {F1836CE2-59EF-4189-8B9C-D103A511CB27}
		{A0F7D1FB-59A7-4717-A7E4-96F37E91998E} = {A0F7D1FB-59A7-4717-A7E4-96F37E91998E}
	EndProjectSection
EndProject
Project("{8BC9CEB8-8B4A-11D0-8D11-00A0C91BC942}") = "xrQSlim", "..\xrQSlim\xrQSlim.vcproj", "{F1836CE2-59EF-4189-8B9C-D103A511CB27}"
	ProjectSection(ProjectDependencies) = postProject
	EndProjectSection
EndProject
Project("{8BC9CEB8-8B4A-11D0-8D11-00A0C91BC942}") = "DXT", "..\editors\Tools\DXT\DXT.vcproj", "{EBF9B543-0830-4866-9B48-DC0740E87E8A}"
	ProjectSection(ProjectDependencies) = postProject
	EndProjectSection
EndProject
Global
	GlobalSection(SourceCodeControl) = preSolution
		SccNumberOfProjects = 28
		SccLocalPath0 = .
		CanCheckoutShared = true
		SolutionUniqueID = {6F8E4AE3-CB8E-4760-8086-796FE333A467}
		SccProjectUniqueName1 = XR_3DA.vcproj
		SccProjectName1 = \u0022$/XR_3DA\u0022,\u0020WABAAAAA
		SccLocalPath1 = .
		CanCheckoutShared = true
		SccProjectUniqueName2 = xrCPU_Pipe\\xrCPU_Pipe.vcproj
		SccProjectName2 = \u0022$/xr_3da/xrCPU_Pipe\u0022,\u0020ZTDAAAAA
		SccLocalPath2 = xrCPU_Pipe
		CanCheckoutShared = true
		SccProjectUniqueName3 = xrGame\\xrGame.vcproj
		SccProjectName3 = \u0022$/xr_3da/xrGame\u0022,\u0020LSDAAAAA
		SccLocalPath3 = xrGame
		CanCheckoutShared = true
		SccProjectUniqueName4 = ..\\xrSound\\xrSound.vcproj
		SccProjectName4 = \u0022$/xr_3da/xrSound\u0022,\u0020OJJAAAAA
		SccLocalPath4 = ..\\xrSound
		CanCheckoutShared = true
		SccProjectUniqueName5 = ..\\xrCore\\xrCore.vcproj
		SccProjectName5 = \u0022$/xrCore\u0022,\u0020QOIAAAAA
		SccLocalPath5 = ..\\xrCore
		CanCheckoutShared = true
		SccProjectUniqueName6 = ..\\xrCDB\\xrCDB.vcproj
		SccProjectName6 = \u0022$/xr_3da/xrCDB\u0022,\u0020XKFAAAAA
		SccLocalPath6 = ..\\xrCDB
		CanCheckoutShared = true
		SccProjectUniqueName7 = xrRender_R1\\xrRender_R1.vcproj
		SccLocalPath7 = .
		CanCheckoutShared = true
		SccProjectFilePathRelativizedFromConnection7 = xrRender_R1\\
		SccProjectUniqueName8 = xrRender_R2\\xrRender_R2.vcproj
		SccLocalPath8 = .
		CanCheckoutShared = true
		SccProjectFilePathRelativizedFromConnection8 = xrRender_R2\\
		SccProjectUniqueName9 = ..\\xrXMLParser\\xrXMLParser.vcproj
		SccProjectName9 = \u0022$/xrXMLParser\u0022,\u0020MGLAAAAA
		SccLocalPath9 = ..\\xrXMLParser
		CanCheckoutShared = true
		SccProjectUniqueName10 = ..\\xrParticles\\xrParticles.vcproj
		SccProjectName10 = \u0022$/xrParticles\u0022,\u0020IRQAAAAA
		SccLocalPath10 = ..\\xrParticles
		CanCheckoutShared = true
		SccProjectUniqueName11 = ..\\xrNetServer\\xrNetServer.vcproj
		SccProjectName11 = \u0022$/xrNetServer\u0022,\u0020CDRAAAAA
		SccLocalPath11 = ..\\xrNetServer
		CanCheckoutShared = true
		SccProjectUniqueName12 = ..\\xrSE_Factory\\xrSE_Factory.vcproj
		SccProjectName12 = \u0022$/xrSE_Factory\u0022,\u0020XWTAAAAA
		SccLocalPath12 = ..\\xrSE_Factory
		CanCheckoutShared = true
		SccProjectUniqueName13 = ..\\xrCompress\\xrCompress.vcproj
		SccProjectName13 = \u0022$/xrCompress\u0022,\u0020CIFAAAAA
		SccLocalPath13 = ..\\xrCompress
		CanCheckoutShared = true
		SccProjectUniqueName14 = ..\\xrODE\\contrib\\msvc7\\ode_default\\default.vcproj
		SccProjectName14 = \u0022$/xrODE\u0022,\u0020AJPAAAAA
		SccLocalPath14 = ..\\xrODE
		CanCheckoutShared = true
		SccProjectFilePathRelativizedFromConnection14 = contrib\\msvc7\\ode_default\\
		SccProjectUniqueName15 = xrScriptDbgIde\\xrScriptDebudIde.vcproj
		SccLocalPath15 = .
		CanCheckoutShared = true
		SccProjectFilePathRelativizedFromConnection15 = xrScriptDbgIde\\
		SccProjectUniqueName16 = ..\\cjLib\\CJ60Lib.vcproj
		SccProjectName16 = \u0022$/CJ60Lib\u0022,\u0020LNWAAAAA
		SccLocalPath16 = ..\\cjLib
		CanCheckoutShared = true
		SccProjectUniqueName17 = ..\\scintilla\\SciLexer.vcproj
		SccProjectName17 = \u0022$/SciLexer\u0022,\u0020NHWAAAAA
		SccLocalPath17 = ..\\scintilla
		CanCheckoutShared = true
		SccProjectUniqueName18 = ..\\xrLauncher\\xrLauncher.vcproj
		SccProjectName18 = \u0022$/xrLauncher\u0022,\u0020RHXAAAAA
		SccLocalPath18 = ..\\xrLauncher
		CanCheckoutShared = true
		SccProjectUniqueName19 = ..\\xrUpdate\\xrUpdate.vcproj
		SccProjectName19 = \u0022$/xrUpdate\u0022,\u0020QUYAAAAA
		SccLocalPath19 = ..\\xrUpdate
		CanCheckoutShared = true
		SccProjectUniqueName20 = X:\\GAMEDATA\\xrstalker.vcproj
		SccProjectName20 = \u0022$/xrStalker\u0022,\u0020JSYAAAAA
		SccLocalPath20 = X:\\GAMEDATA
		CanCheckoutShared = true
		SccProjectUniqueName21 = xrD3D9-Null\\xrD3D9-Null.vcproj
		SccProjectName21 = \u0022$/xr_3da/xrGame/xrD3D9-Null\u0022,\u0020LWBBAAAA
		SccLocalPath21 = xrD3D9-Null
		CanCheckoutShared = true
		SccProjectUniqueName22 = ..\\xrLUA_JIT\\xrLUA_JIT.vcproj
		SccProjectName22 = \u0022$/xrLUA_JIT\u0022,\u0020KGFBAAAA
		SccLocalPath22 = ..\\xrLUA_JIT
		CanCheckoutShared = true
		SccProjectUniqueName23 = xrGame\\xrGameSpy\\xrGameSpy.vcproj
		SccProjectName23 = \u0022$/xr_3da/xrGame/xrGameSpy\u0022,\u0020MRDBAAAA
		SccLocalPath23 = xrGame\\xrGameSpy
		CanCheckoutShared = true
		SccProjectUniqueName24 = ..\\xrLC\\xrLC.vcproj
		SccProjectName24 = \u0022$/xrLC\u0022,\u0020TLAAAAAA
		SccLocalPath24 = ..\\xrLC
		CanCheckoutShared = true
		SccProjectUniqueName25 = ..\\editors\\Tools\\ETools\\ETools.vcproj
		SccProjectName25 = \u0022$/Editors/Tools/ETools\u0022,\u0020ADFAAAAA
		SccLocalPath25 = ..\\editors\\Tools\\ETools
		CanCheckoutShared = true
		SccProjectUniqueName26 = ..\\xrQSlim\\xrQSlim.vcproj
		SccProjectName26 = \u0022$/xrQSlim\u0022,\u0020YJVAAAAA
		SccLocalPath26 = ..\\xrQSlim
		CanCheckoutShared = true
		SccProjectUniqueName27 = ..\\editors\\Tools\\DXT\\DXT.vcproj
		SccProjectName27 = \u0022$/Editors/Tools/DXT\u0022,\u0020DDFAAAAA
		SccLocalPath27 = ..\\editors\\Tools\\DXT
		CanCheckoutShared = true
	EndGlobalSection
	GlobalSection(SolutionConfiguration) = preSolution
		Debug = Debug
		DebugNoExceptions = DebugNoExceptions
		Mixed = Mixed
		Profile = Profile
		Release = Release
	EndGlobalSection
	GlobalSection(ProjectConfiguration) = postSolution
		{2578C6D8-660D-48AE-9322-7422F8664F06}.Debug.ActiveCfg = Debug|Win32
		{2578C6D8-660D-48AE-9322-7422F8664F06}.Debug.Build.0 = Debug|Win32
		{2578C6D8-660D-48AE-9322-7422F8664F06}.DebugNoExceptions.ActiveCfg = DebugNoExceptions|Win32
		{2578C6D8-660D-48AE-9322-7422F8664F06}.DebugNoExceptions.Build.0 = DebugNoExceptions|Win32
		{2578C6D8-660D-48AE-9322-7422F8664F06}.Mixed.ActiveCfg = Debug|Win32
		{2578C6D8-660D-48AE-9322-7422F8664F06}.Mixed.Build.0 = Debug|Win32
		{2578C6D8-660D-48AE-9322-7422F8664F06}.Profile.ActiveCfg = DebugNoExceptions|Win32
		{2578C6D8-660D-48AE-9322-7422F8664F06}.Profile.Build.0 = DebugNoExceptions|Win32
		{2578C6D8-660D-48AE-9322-7422F8664F06}.Release.ActiveCfg = Release|Win32
		{2578C6D8-660D-48AE-9322-7422F8664F06}.Release.Build.0 = Release|Win32
		{CA0649DD-D089-423A-981C-46B57A884EB9}.Debug.ActiveCfg = Mixed|Win32
		{CA0649DD-D089-423A-981C-46B57A884EB9}.Debug.Build.0 = Mixed|Win32
		{CA0649DD-D089-423A-981C-46B57A884EB9}.DebugNoExceptions.ActiveCfg = DebugNoExceptions|Win32
		{CA0649DD-D089-423A-981C-46B57A884EB9}.DebugNoExceptions.Build.0 = DebugNoExceptions|Win32
		{CA0649DD-D089-423A-981C-46B57A884EB9}.Mixed.ActiveCfg = Mixed|Win32
		{CA0649DD-D089-423A-981C-46B57A884EB9}.Mixed.Build.0 = Mixed|Win32
		{CA0649DD-D089-423A-981C-46B57A884EB9}.Profile.ActiveCfg = DebugNoExceptions|Win32
		{CA0649DD-D089-423A-981C-46B57A884EB9}.Profile.Build.0 = DebugNoExceptions|Win32
		{CA0649DD-D089-423A-981C-46B57A884EB9}.Release.ActiveCfg = Release|Win32
		{CA0649DD-D089-423A-981C-46B57A884EB9}.Release.Build.0 = Release|Win32
		{200652A6-043E-4634-8837-87983B3BD5E0}.Debug.ActiveCfg = Debug|Win32
		{200652A6-043E-4634-8837-87983B3BD5E0}.Debug.Build.0 = Debug|Win32
		{200652A6-043E-4634-8837-87983B3BD5E0}.DebugNoExceptions.ActiveCfg = DebugNoExceptions|Win32
		{200652A6-043E-4634-8837-87983B3BD5E0}.DebugNoExceptions.Build.0 = DebugNoExceptions|Win32
		{200652A6-043E-4634-8837-87983B3BD5E0}.Mixed.ActiveCfg = Debug|Win32
		{200652A6-043E-4634-8837-87983B3BD5E0}.Mixed.Build.0 = Debug|Win32
		{200652A6-043E-4634-8837-87983B3BD5E0}.Profile.ActiveCfg = DebugNoExceptions|Win32
		{200652A6-043E-4634-8837-87983B3BD5E0}.Profile.Build.0 = DebugNoExceptions|Win32
		{200652A6-043E-4634-8837-87983B3BD5E0}.Release.ActiveCfg = Release|Win32
		{200652A6-043E-4634-8837-87983B3BD5E0}.Release.Build.0 = Release|Win32
		{CCCA7859-EB86-493E-9B53-C4235F45B3C5}.Debug.ActiveCfg = Mixed|Win32
		{CCCA7859-EB86-493E-9B53-C4235F45B3C5}.Debug.Build.0 = Mixed|Win32
		{CCCA7859-EB86-493E-9B53-C4235F45B3C5}.DebugNoExceptions.ActiveCfg = DebugNoExceptions|Win32
		{CCCA7859-EB86-493E-9B53-C4235F45B3C5}.DebugNoExceptions.Build.0 = DebugNoExceptions|Win32
		{CCCA7859-EB86-493E-9B53-C4235F45B3C5}.Mixed.ActiveCfg = Debug|Win32
		{CCCA7859-EB86-493E-9B53-C4235F45B3C5}.Mixed.Build.0 = Debug|Win32
		{CCCA7859-EB86-493E-9B53-C4235F45B3C5}.Profile.ActiveCfg = DebugNoExceptions|Win32
		{CCCA7859-EB86-493E-9B53-C4235F45B3C5}.Profile.Build.0 = DebugNoExceptions|Win32
		{CCCA7859-EB86-493E-9B53-C4235F45B3C5}.Release.ActiveCfg = Release|Win32
		{CCCA7859-EB86-493E-9B53-C4235F45B3C5}.Release.Build.0 = Release|Win32
		{A0F7D1FB-59A7-4717-A7E4-96F37E91998E}.Debug.ActiveCfg = Mixed|Win32
		{A0F7D1FB-59A7-4717-A7E4-96F37E91998E}.Debug.Build.0 = Mixed|Win32
		{A0F7D1FB-59A7-4717-A7E4-96F37E91998E}.DebugNoExceptions.ActiveCfg = DebugNoExceptions|Win32
		{A0F7D1FB-59A7-4717-A7E4-96F37E91998E}.DebugNoExceptions.Build.0 = DebugNoExceptions|Win32
		{A0F7D1FB-59A7-4717-A7E4-96F37E91998E}.Mixed.ActiveCfg = Debug|Win32
		{A0F7D1FB-59A7-4717-A7E4-96F37E91998E}.Mixed.Build.0 = Debug|Win32
		{A0F7D1FB-59A7-4717-A7E4-96F37E91998E}.Profile.ActiveCfg = DebugNoExceptions|Win32
		{A0F7D1FB-59A7-4717-A7E4-96F37E91998E}.Profile.Build.0 = DebugNoExceptions|Win32
		{A0F7D1FB-59A7-4717-A7E4-96F37E91998E}.Release.ActiveCfg = Release|Win32
		{A0F7D1FB-59A7-4717-A7E4-96F37E91998E}.Release.Build.0 = Release|Win32
		{A19B1DF2-82EC-4364-8BDF-85D13A1C89B5}.Debug.ActiveCfg = Mixed|Win32
		{A19B1DF2-82EC-4364-8BDF-85D13A1C89B5}.Debug.Build.0 = Mixed|Win32
		{A19B1DF2-82EC-4364-8BDF-85D13A1C89B5}.DebugNoExceptions.ActiveCfg = DebugNoExceptions|Win32
		{A19B1DF2-82EC-4364-8BDF-85D13A1C89B5}.DebugNoExceptions.Build.0 = DebugNoExceptions|Win32
		{A19B1DF2-82EC-4364-8BDF-85D13A1C89B5}.Mixed.ActiveCfg = Mixed|Win32
		{A19B1DF2-82EC-4364-8BDF-85D13A1C89B5}.Mixed.Build.0 = Mixed|Win32
		{A19B1DF2-82EC-4364-8BDF-85D13A1C89B5}.Profile.ActiveCfg = DebugNoExceptions|Win32
		{A19B1DF2-82EC-4364-8BDF-85D13A1C89B5}.Profile.Build.0 = DebugNoExceptions|Win32
		{A19B1DF2-82EC-4364-8BDF-85D13A1C89B5}.Release.ActiveCfg = Release|Win32
		{A19B1DF2-82EC-4364-8BDF-85D13A1C89B5}.Release.Build.0 = Release|Win32
		{57A498C9-A741-4DDF-8EFC-BFB9EB6B00E2}.Debug.ActiveCfg = Debug|Win32
		{57A498C9-A741-4DDF-8EFC-BFB9EB6B00E2}.Debug.Build.0 = Debug|Win32
		{57A498C9-A741-4DDF-8EFC-BFB9EB6B00E2}.DebugNoExceptions.ActiveCfg = DebugNoExceptions|Win32
		{57A498C9-A741-4DDF-8EFC-BFB9EB6B00E2}.DebugNoExceptions.Build.0 = DebugNoExceptions|Win32
		{57A498C9-A741-4DDF-8EFC-BFB9EB6B00E2}.Mixed.ActiveCfg = Mixed|Win32
		{57A498C9-A741-4DDF-8EFC-BFB9EB6B00E2}.Mixed.Build.0 = Mixed|Win32
		{57A498C9-A741-4DDF-8EFC-BFB9EB6B00E2}.Profile.ActiveCfg = DebugNoExceptions|Win32
		{57A498C9-A741-4DDF-8EFC-BFB9EB6B00E2}.Profile.Build.0 = DebugNoExceptions|Win32
		{57A498C9-A741-4DDF-8EFC-BFB9EB6B00E2}.Release.ActiveCfg = Release|Win32
		{57A498C9-A741-4DDF-8EFC-BFB9EB6B00E2}.Release.Build.0 = Release|Win32
		{963BA4E5-499A-454D-B002-1D5ECE0527A6}.Debug.ActiveCfg = Mixed|Win32
		{963BA4E5-499A-454D-B002-1D5ECE0527A6}.Debug.Build.0 = Mixed|Win32
		{963BA4E5-499A-454D-B002-1D5ECE0527A6}.DebugNoExceptions.ActiveCfg = DebugNoExceptions|Win32
		{963BA4E5-499A-454D-B002-1D5ECE0527A6}.DebugNoExceptions.Build.0 = DebugNoExceptions|Win32
		{963BA4E5-499A-454D-B002-1D5ECE0527A6}.Mixed.ActiveCfg = Mixed|Win32
		{963BA4E5-499A-454D-B002-1D5ECE0527A6}.Mixed.Build.0 = Mixed|Win32
		{963BA4E5-499A-454D-B002-1D5ECE0527A6}.Profile.ActiveCfg = Release|Win32
		{963BA4E5-499A-454D-B002-1D5ECE0527A6}.Release.ActiveCfg = Release|Win32
		{963BA4E5-499A-454D-B002-1D5ECE0527A6}.Release.Build.0 = Release|Win32
		{94A1C366-3D19-48E6-8170-4ADC2E70DF98}.Debug.ActiveCfg = Mixed|Win32
		{94A1C366-3D19-48E6-8170-4ADC2E70DF98}.Debug.Build.0 = Mixed|Win32
		{94A1C366-3D19-48E6-8170-4ADC2E70DF98}.DebugNoExceptions.ActiveCfg = DebugNoExceptions|Win32
		{94A1C366-3D19-48E6-8170-4ADC2E70DF98}.DebugNoExceptions.Build.0 = DebugNoExceptions|Win32
		{94A1C366-3D19-48E6-8170-4ADC2E70DF98}.Mixed.ActiveCfg = Mixed|Win32
		{94A1C366-3D19-48E6-8170-4ADC2E70DF98}.Mixed.Build.0 = Mixed|Win32
		{94A1C366-3D19-48E6-8170-4ADC2E70DF98}.Profile.ActiveCfg = DebugNoExceptions|Win32
		{94A1C366-3D19-48E6-8170-4ADC2E70DF98}.Profile.Build.0 = DebugNoExceptions|Win32
		{94A1C366-3D19-48E6-8170-4ADC2E70DF98}.Release.ActiveCfg = Release|Win32
		{94A1C366-3D19-48E6-8170-4ADC2E70DF98}.Release.Build.0 = Release|Win32
		{1BF75FEB-87DD-486C-880B-227987D191C2}.Debug.ActiveCfg = Mixed|Win32
		{1BF75FEB-87DD-486C-880B-227987D191C2}.Debug.Build.0 = Mixed|Win32
		{1BF75FEB-87DD-486C-880B-227987D191C2}.DebugNoExceptions.ActiveCfg = Debug|Win32
		{1BF75FEB-87DD-486C-880B-227987D191C2}.Mixed.ActiveCfg = Mixed|Win32
		{1BF75FEB-87DD-486C-880B-227987D191C2}.Mixed.Build.0 = Mixed|Win32
		{1BF75FEB-87DD-486C-880B-227987D191C2}.Profile.ActiveCfg = Mixed|Win32
		{1BF75FEB-87DD-486C-880B-227987D191C2}.Profile.Build.0 = Mixed|Win32
		{1BF75FEB-87DD-486C-880B-227987D191C2}.Release.ActiveCfg = Release|Win32
		{1BF75FEB-87DD-486C-880B-227987D191C2}.Release.Build.0 = Release|Win32
		{94A1C366-3D19-48E6-8170-4ADC2E70DF97}.Debug.ActiveCfg = Mixed|Win32
		{94A1C366-3D19-48E6-8170-4ADC2E70DF97}.Debug.Build.0 = Mixed|Win32
		{94A1C366-3D19-48E6-8170-4ADC2E70DF97}.DebugNoExceptions.ActiveCfg = DebugNoExceptions|Win32
		{94A1C366-3D19-48E6-8170-4ADC2E70DF97}.DebugNoExceptions.Build.0 = DebugNoExceptions|Win32
		{94A1C366-3D19-48E6-8170-4ADC2E70DF97}.Mixed.ActiveCfg = Mixed|Win32
		{94A1C366-3D19-48E6-8170-4ADC2E70DF97}.Mixed.Build.0 = Mixed|Win32
		{94A1C366-3D19-48E6-8170-4ADC2E70DF97}.Profile.ActiveCfg = DebugNoExceptions|Win32
		{94A1C366-3D19-48E6-8170-4ADC2E70DF97}.Profile.Build.0 = DebugNoExceptions|Win32
		{94A1C366-3D19-48E6-8170-4ADC2E70DF97}.Release.ActiveCfg = Release|Win32
		{94A1C366-3D19-48E6-8170-4ADC2E70DF97}.Release.Build.0 = Release|Win32
		{435BAC9A-B225-457D-AB40-C9BD0CC8838C}.Debug.ActiveCfg = Mixed|Win32
		{435BAC9A-B225-457D-AB40-C9BD0CC8838C}.Debug.Build.0 = Mixed|Win32
		{435BAC9A-B225-457D-AB40-C9BD0CC8838C}.DebugNoExceptions.ActiveCfg = DebugNoExceptions|Win32
		{435BAC9A-B225-457D-AB40-C9BD0CC8838C}.DebugNoExceptions.Build.0 = DebugNoExceptions|Win32
		{435BAC9A-B225-457D-AB40-C9BD0CC8838C}.Mixed.ActiveCfg = Mixed|Win32
		{435BAC9A-B225-457D-AB40-C9BD0CC8838C}.Mixed.Build.0 = Mixed|Win32
		{435BAC9A-B225-457D-AB40-C9BD0CC8838C}.Profile.ActiveCfg = DebugNoExceptions|Win32
		{435BAC9A-B225-457D-AB40-C9BD0CC8838C}.Profile.Build.0 = DebugNoExceptions|Win32
		{435BAC9A-B225-457D-AB40-C9BD0CC8838C}.Release.ActiveCfg = Release|Win32
		{435BAC9A-B225-457D-AB40-C9BD0CC8838C}.Release.Build.0 = Release|Win32
		{3AD26FD3-4F52-4E22-A4CF-AD4C49E74C61}.Debug.ActiveCfg = Debug|Win32
		{3AD26FD3-4F52-4E22-A4CF-AD4C49E74C61}.Debug.Build.0 = Debug|Win32
		{3AD26FD3-4F52-4E22-A4CF-AD4C49E74C61}.DebugNoExceptions.ActiveCfg = DebugNoExceptions|Win32
		{3AD26FD3-4F52-4E22-A4CF-AD4C49E74C61}.DebugNoExceptions.Build.0 = DebugNoExceptions|Win32
		{3AD26FD3-4F52-4E22-A4CF-AD4C49E74C61}.Mixed.ActiveCfg = Mixed|Win32
		{3AD26FD3-4F52-4E22-A4CF-AD4C49E74C61}.Mixed.Build.0 = Mixed|Win32
		{3AD26FD3-4F52-4E22-A4CF-AD4C49E74C61}.Profile.ActiveCfg = Release|Win32
		{3AD26FD3-4F52-4E22-A4CF-AD4C49E74C61}.Release.ActiveCfg = Release|Win32
		{3AD26FD3-4F52-4E22-A4CF-AD4C49E74C61}.Release.Build.0 = Release|Win32
		{EF76867B-6EB8-4DC0-A1D6-E964FAD6FC7B}.Debug.ActiveCfg = Debug|Win32
		{EF76867B-6EB8-4DC0-A1D6-E964FAD6FC7B}.Debug.Build.0 = Debug|Win32
		{EF76867B-6EB8-4DC0-A1D6-E964FAD6FC7B}.DebugNoExceptions.ActiveCfg = DebugNoExceptions|Win32
		{EF76867B-6EB8-4DC0-A1D6-E964FAD6FC7B}.DebugNoExceptions.Build.0 = DebugNoExceptions|Win32
		{EF76867B-6EB8-4DC0-A1D6-E964FAD6FC7B}.Mixed.ActiveCfg = Debug|Win32
		{EF76867B-6EB8-4DC0-A1D6-E964FAD6FC7B}.Mixed.Build.0 = Debug|Win32
		{EF76867B-6EB8-4DC0-A1D6-E964FAD6FC7B}.Profile.ActiveCfg = Release|Win32
		{EF76867B-6EB8-4DC0-A1D6-E964FAD6FC7B}.Release.ActiveCfg = Release|Win32
		{EF76867B-6EB8-4DC0-A1D6-E964FAD6FC7B}.Release.Build.0 = Release|Win32
		{2024BB4B-9C57-4EA7-B355-1FFF6FD5CE12}.Debug.ActiveCfg = Debug|Win32
		{2024BB4B-9C57-4EA7-B355-1FFF6FD5CE12}.Debug.Build.0 = Debug|Win32
		{2024BB4B-9C57-4EA7-B355-1FFF6FD5CE12}.DebugNoExceptions.ActiveCfg = Debug|Win32
		{2024BB4B-9C57-4EA7-B355-1FFF6FD5CE12}.Mixed.ActiveCfg = Debug|Win32
		{2024BB4B-9C57-4EA7-B355-1FFF6FD5CE12}.Mixed.Build.0 = Debug|Win32
		{2024BB4B-9C57-4EA7-B355-1FFF6FD5CE12}.Profile.ActiveCfg = Release|Win32
		{2024BB4B-9C57-4EA7-B355-1FFF6FD5CE12}.Release.ActiveCfg = Release|Win32
		{2024BB4B-9C57-4EA7-B355-1FFF6FD5CE12}.Release.Build.0 = Release|Win32
		{17C3FFE4-A323-4A8F-B759-336D6D5EEF5F}.Debug.ActiveCfg = Debug|Win32
		{17C3FFE4-A323-4A8F-B759-336D6D5EEF5F}.Debug.Build.0 = Debug|Win32
		{17C3FFE4-A323-4A8F-B759-336D6D5EEF5F}.DebugNoExceptions.ActiveCfg = Debug|Win32
		{17C3FFE4-A323-4A8F-B759-336D6D5EEF5F}.Mixed.ActiveCfg = Debug|Win32
		{17C3FFE4-A323-4A8F-B759-336D6D5EEF5F}.Mixed.Build.0 = Debug|Win32
		{17C3FFE4-A323-4A8F-B759-336D6D5EEF5F}.Profile.ActiveCfg = Release|Win32
		{17C3FFE4-A323-4A8F-B759-336D6D5EEF5F}.Release.ActiveCfg = Release|Win32
		{17C3FFE4-A323-4A8F-B759-336D6D5EEF5F}.Release.Build.0 = Release|Win32
		{0D43EDC2-A071-4407-9E54-4D136FB854CB}.Debug.ActiveCfg = Debug|Win32
		{0D43EDC2-A071-4407-9E54-4D136FB854CB}.Debug.Build.0 = Debug|Win32
		{0D43EDC2-A071-4407-9E54-4D136FB854CB}.DebugNoExceptions.ActiveCfg = Debug|Win32
		{0D43EDC2-A071-4407-9E54-4D136FB854CB}.Mixed.ActiveCfg = Debug|Win32
		{0D43EDC2-A071-4407-9E54-4D136FB854CB}.Mixed.Build.0 = Debug|Win32
		{0D43EDC2-A071-4407-9E54-4D136FB854CB}.Profile.ActiveCfg = Release|Win32
		{0D43EDC2-A071-4407-9E54-4D136FB854CB}.Release.ActiveCfg = Release|Win32
		{0D43EDC2-A071-4407-9E54-4D136FB854CB}.Release.Build.0 = Release|Win32
		{EB640632-D0F6-47F3-BCA0-F5E74AE4E0DD}.Debug.ActiveCfg = Debug|Win32
		{EB640632-D0F6-47F3-BCA0-F5E74AE4E0DD}.Debug.Build.0 = Debug|Win32
		{EB640632-D0F6-47F3-BCA0-F5E74AE4E0DD}.DebugNoExceptions.ActiveCfg = Debug|Win32
		{EB640632-D0F6-47F3-BCA0-F5E74AE4E0DD}.Mixed.ActiveCfg = Debug|Win32
		{EB640632-D0F6-47F3-BCA0-F5E74AE4E0DD}.Mixed.Build.0 = Debug|Win32
		{EB640632-D0F6-47F3-BCA0-F5E74AE4E0DD}.Profile.ActiveCfg = Release|Win32
		{EB640632-D0F6-47F3-BCA0-F5E74AE4E0DD}.Release.ActiveCfg = Release|Win32
		{EB640632-D0F6-47F3-BCA0-F5E74AE4E0DD}.Release.Build.0 = Release|Win32
		{1C86CAB0-0F44-4D47-B8E1-333492359CCC}.Debug.ActiveCfg = Debug|Win32
		{1C86CAB0-0F44-4D47-B8E1-333492359CCC}.Debug.Build.0 = Debug|Win32
		{1C86CAB0-0F44-4D47-B8E1-333492359CCC}.DebugNoExceptions.ActiveCfg = Debug|Win32
		{1C86CAB0-0F44-4D47-B8E1-333492359CCC}.Mixed.ActiveCfg = Mixed|Win32
		{1C86CAB0-0F44-4D47-B8E1-333492359CCC}.Mixed.Build.0 = Mixed|Win32
		{1C86CAB0-0F44-4D47-B8E1-333492359CCC}.Profile.ActiveCfg = Release|Win32
		{1C86CAB0-0F44-4D47-B8E1-333492359CCC}.Release.ActiveCfg = Release|Win32
		{1C86CAB0-0F44-4D47-B8E1-333492359CCC}.Release.Build.0 = Release|Win32
		{90F938A1-176A-4379-A3D1-DD516E8A6DC1}.Debug.ActiveCfg = Debug|Win32
		{90F938A1-176A-4379-A3D1-DD516E8A6DC1}.Debug.Build.0 = Debug|Win32
		{90F938A1-176A-4379-A3D1-DD516E8A6DC1}.DebugNoExceptions.ActiveCfg = Debug|Win32
		{90F938A1-176A-4379-A3D1-DD516E8A6DC1}.Mixed.ActiveCfg = Release|Win32
		{90F938A1-176A-4379-A3D1-DD516E8A6DC1}.Profile.ActiveCfg = Release|Win32
		{90F938A1-176A-4379-A3D1-DD516E8A6DC1}.Profile.Build.0 = Release|Win32
		{90F938A1-176A-4379-A3D1-DD516E8A6DC1}.Release.ActiveCfg = Release|Win32
		{0899B131-F1D4-4876-9BA1-67AC821DB9E1}.Debug.ActiveCfg = Debug|Win32
		{0899B131-F1D4-4876-9BA1-67AC821DB9E1}.Debug.Build.0 = Debug|Win32
		{0899B131-F1D4-4876-9BA1-67AC821DB9E1}.DebugNoExceptions.ActiveCfg = Debug|Win32
		{0899B131-F1D4-4876-9BA1-67AC821DB9E1}.DebugNoExceptions.Build.0 = Debug|Win32
		{0899B131-F1D4-4876-9BA1-67AC821DB9E1}.Mixed.ActiveCfg = Release|Win32
		{0899B131-F1D4-4876-9BA1-67AC821DB9E1}.Mixed.Build.0 = Release|Win32
		{0899B131-F1D4-4876-9BA1-67AC821DB9E1}.Profile.ActiveCfg = Release|Win32
		{0899B131-F1D4-4876-9BA1-67AC821DB9E1}.Release.ActiveCfg = Release|Win32
		{0899B131-F1D4-4876-9BA1-67AC821DB9E1}.Release.Build.0 = Release|Win32
		{1C6AF5D3-2901-4EB8-BE5D-E25729F6B3F9}.Debug.ActiveCfg = Debug|Win32
		{1C6AF5D3-2901-4EB8-BE5D-E25729F6B3F9}.Debug.Build.0 = Debug|Win32
		{1C6AF5D3-2901-4EB8-BE5D-E25729F6B3F9}.DebugNoExceptions.ActiveCfg = Debug|Win32
		{1C6AF5D3-2901-4EB8-BE5D-E25729F6B3F9}.DebugNoExceptions.Build.0 = Debug|Win32
		{1C6AF5D3-2901-4EB8-BE5D-E25729F6B3F9}.Mixed.ActiveCfg = Debug|Win32
		{1C6AF5D3-2901-4EB8-BE5D-E25729F6B3F9}.Mixed.Build.0 = Debug|Win32
		{1C6AF5D3-2901-4EB8-BE5D-E25729F6B3F9}.Profile.ActiveCfg = Release|Win32
		{1C6AF5D3-2901-4EB8-BE5D-E25729F6B3F9}.Release.ActiveCfg = Release|Win32
		{1C6AF5D3-2901-4EB8-BE5D-E25729F6B3F9}.Release.Build.0 = Release|Win32
		{9ACE5473-6D68-4B96-AC42-B39EABA0FE1F}.Debug.ActiveCfg = Mixed|Win32
		{9ACE5473-6D68-4B96-AC42-B39EABA0FE1F}.Debug.Build.0 = Mixed|Win32
		{9ACE5473-6D68-4B96-AC42-B39EABA0FE1F}.DebugNoExceptions.ActiveCfg = Debug|Win32
		{9ACE5473-6D68-4B96-AC42-B39EABA0FE1F}.DebugNoExceptions.Build.0 = Debug|Win32
		{9ACE5473-6D68-4B96-AC42-B39EABA0FE1F}.Mixed.ActiveCfg = Mixed|Win32
		{9ACE5473-6D68-4B96-AC42-B39EABA0FE1F}.Mixed.Build.0 = Mixed|Win32
		{9ACE5473-6D68-4B96-AC42-B39EABA0FE1F}.Profile.ActiveCfg = Mixed|Win32
		{9ACE5473-6D68-4B96-AC42-B39EABA0FE1F}.Profile.Build.0 = Mixed|Win32
		{9ACE5473-6D68-4B96-AC42-B39EABA0FE1F}.Release.ActiveCfg = Release|Win32
		{9ACE5473-6D68-4B96-AC42-B39EABA0FE1F}.Release.Build.0 = Release|Win32
		{5535F6B4-7AE6-4B66-8AEA-CC31C14D7AB7}.Debug.ActiveCfg = Debug|Win32
		{5535F6B4-7AE6-4B66-8AEA-CC31C14D7AB7}.Debug.Build.0 = Debug|Win32
		{5535F6B4-7AE6-4B66-8AEA-CC31C14D7AB7}.DebugNoExceptions.ActiveCfg = Debug|Win32
		{5535F6B4-7AE6-4B66-8AEA-CC31C14D7AB7}.DebugNoExceptions.Build.0 = Debug|Win32
		{5535F6B4-7AE6-4B66-8AEA-CC31C14D7AB7}.Mixed.ActiveCfg = Release|Win32
		{5535F6B4-7AE6-4B66-8AEA-CC31C14D7AB7}.Mixed.Build.0 = Release|Win32
		{5535F6B4-7AE6-4B66-8AEA-CC31C14D7AB7}.Profile.ActiveCfg = Release|Win32
		{5535F6B4-7AE6-4B66-8AEA-CC31C14D7AB7}.Profile.Build.0 = Release|Win32
		{5535F6B4-7AE6-4B66-8AEA-CC31C14D7AB7}.Release.ActiveCfg = Release|Win32
		{5535F6B4-7AE6-4B66-8AEA-CC31C14D7AB7}.Release.Build.0 = Release|Win32
		{880F6E60-9D28-4DBA-82FD-9660FD863CA2}.Debug.ActiveCfg = Debug|Win32
		{880F6E60-9D28-4DBA-82FD-9660FD863CA2}.Debug.Build.0 = Debug|Win32
		{880F6E60-9D28-4DBA-82FD-9660FD863CA2}.DebugNoExceptions.ActiveCfg = Debug|Win32
		{880F6E60-9D28-4DBA-82FD-9660FD863CA2}.DebugNoExceptions.Build.0 = Debug|Win32
		{880F6E60-9D28-4DBA-82FD-9660FD863CA2}.Mixed.ActiveCfg = Mixed|Win32
		{880F6E60-9D28-4DBA-82FD-9660FD863CA2}.Mixed.Build.0 = Mixed|Win32
		{880F6E60-9D28-4DBA-82FD-9660FD863CA2}.Profile.ActiveCfg = Mixed|Win32
		{880F6E60-9D28-4DBA-82FD-9660FD863CA2}.Profile.Build.0 = Mixed|Win32
		{880F6E60-9D28-4DBA-82FD-9660FD863CA2}.Release.ActiveCfg = Release|Win32
		{880F6E60-9D28-4DBA-82FD-9660FD863CA2}.Release.Build.0 = Release|Win32
		{65CBB9D0-FBC6-41A4-8316-F5E9B5D7FB33}.Debug.ActiveCfg = Debug|Win32
		{65CBB9D0-FBC6-41A4-8316-F5E9B5D7FB33}.Debug.Build.0 = Debug|Win32
		{65CBB9D0-FBC6-41A4-8316-F5E9B5D7FB33}.DebugNoExceptions.ActiveCfg = Debug|Win32
		{65CBB9D0-FBC6-41A4-8316-F5E9B5D7FB33}.DebugNoExceptions.Build.0 = Debug|Win32
		{65CBB9D0-FBC6-41A4-8316-F5E9B5D7FB33}.Mixed.ActiveCfg = Mixed|Win32
		{65CBB9D0-FBC6-41A4-8316-F5E9B5D7FB33}.Mixed.Build.0 = Mixed|Win32
		{65CBB9D0-FBC6-41A4-8316-F5E9B5D7FB33}.Profile.ActiveCfg = Mixed|Win32
		{65CBB9D0-FBC6-41A4-8316-F5E9B5D7FB33}.Profile.Build.0 = Mixed|Win32
		{65CBB9D0-FBC6-41A4-8316-F5E9B5D7FB33}.Release.ActiveCfg = Release|Win32
		{65CBB9D0-FBC6-41A4-8316-F5E9B5D7FB33}.Release.Build.0 = Release|Win32
		{F1836CE2-59EF-4189-8B9C-D103A511CB27}.Debug.ActiveCfg = Debug|Win32
		{F1836CE2-59EF-4189-8B9C-D103A511CB27}.Debug.Build.0 = Debug|Win32
		{F1836CE2-59EF-4189-8B9C-D103A511CB27}.DebugNoExceptions.ActiveCfg = Debug|Win32
		{F1836CE2-59EF-4189-8B9C-D103A511CB27}.DebugNoExceptions.Build.0 = Debug|Win32
		{F1836CE2-59EF-4189-8B9C-D103A511CB27}.Mixed.ActiveCfg = Mixed|Win32
		{F1836CE2-59EF-4189-8B9C-D103A511CB27}.Mixed.Build.0 = Mixed|Win32
		{F1836CE2-59EF-4189-8B9C-D103A511CB27}.Profile.ActiveCfg = Mixed|Win32
		{F1836CE2-59EF-4189-8B9C-D103A511CB27}.Profile.Build.0 = Mixed|Win32
		{F1836CE2-59EF-4189-8B9C-D103A511CB27}.Release.ActiveCfg = Release|Win32
		{F1836CE2-59EF-4189-8B9C-D103A511CB27}.Release.Build.0 = Release|Win32
		{EBF9B543-0830-4866-9B48-DC0740E87E8A}.Debug.ActiveCfg = Debug|Win32
		{EBF9B543-0830-4866-9B48-DC0740E87E8A}.Debug.Build.0 = Debug|Win32
		{EBF9B543-0830-4866-9B48-DC0740E87E8A}.DebugNoExceptions.ActiveCfg = Debug|Win32
		{EBF9B543-0830-4866-9B48-DC0740E87E8A}.DebugNoExceptions.Build.0 = Debug|Win32
		{EBF9B543-0830-4866-9B48-DC0740E87E8A}.Mixed.ActiveCfg = Mixed|Win32
		{EBF9B543-0830-4866-9B48-DC0740E87E8A}.Mixed.Build.0 = Mixed|Win32
		{EBF9B543-0830-4866-9B48-DC0740E87E8A}.Profile.ActiveCfg = Mixed|Win32
		{EBF9B543-0830-4866-9B48-DC0740E87E8A}.Profile.Build.0 = Mixed|Win32
		{EBF9B543-0830-4866-9B48-DC0740E87E8A}.Release.ActiveCfg = Release|Win32
		{EBF9B543-0830-4866-9B48-DC0740E87E8A}.Release.Build.0 = Release|Win32
	EndGlobalSection
	GlobalSection(ExtensibilityGlobals) = postSolution
	EndGlobalSection
	GlobalSection(ExtensibilityAddIns) = postSolution
	EndGlobalSection
	GlobalSection(DPCodeReviewSolutionGUID) = preSolution
		DPCodeReviewSolutionGUID = {00000000-0000-0000-0000-000000000000}
	EndGlobalSection
EndGlobal
