Microsoft Visual Studio Solution File, Format Version 7.00
Project("{8BC9CEB8-8B4A-11D0-8D11-00A0C91BC942}") = "XR_3DA", "XR_3DA.vcproj", "{2578C6D8-660D-48AE-9322-7422F8664F06}"
EndProject
Project("{8BC9CEB8-8B4A-11D0-8D11-00A0C91BC942}") = "xrCPU_Pipe", "xrCPU_Pipe\xrCPU_Pipe.vcproj", "{CA0649DD-D089-423A-981C-46B57A884EB9}"
EndProject
Project("{8BC9CEB8-8B4A-11D0-8D11-00A0C91BC942}") = "xrGame", "xrGame\xrGame.vcproj", "{200652A6-043E-4634-8837-87983B3BD5E0}"
EndProject
Project("{8BC9CEB8-8B4A-11D0-8D11-00A0C91BC942}") = "xrSound", "..\xrSound\xrSound.vcproj", "{CCCA7859-EB86-493E-9B53-C4235F45B3C5}"
EndProject
Project("{8BC9CEB8-8B4A-11D0-8D11-00A0C91BC942}") = "xrCore", "..\xrCore\xrCore.vcproj", "{A0F7D1FB-59A7-4717-A7E4-96F37E91998E}"
EndProject
Project("{8BC9CEB8-8B4A-11D0-8D11-00A0C91BC942}") = "xrCDB", "..\xrCDB\xrCDB.vcproj", "{A19B1DF2-82EC-4364-8BDF-85D13A1C89B5}"
EndProject
Project("{8BC9CEB8-8B4A-11D0-8D11-00A0C91BC942}") = "xrRender_R1", "xrRender_R1\xrRender_R1.vcproj", "{57A498C9-A741-4DDF-8EFC-BFB9EB6B00E2}"
EndProject
Project("{8BC9CEB8-8B4A-11D0-8D11-00A0C91BC942}") = "xrRender_R2", "xrRender_R2\xrRender_R2.vcproj", "{963BA4E5-499A-454D-B002-1D5ECE0527A6}"
EndProject
Project("{8BC9CEB8-8B4A-11D0-8D11-00A0C91BC942}") = "ParticleDLL", "..\xrParticles\ParticleDLL.vcproj", "{94A1C366-3D19-48E6-8170-4ADC2E70DF97}"
EndProject
Global
	GlobalSection(SourceCodeControl) = preSolution
		SccNumberOfProjects = 10
		SccLocalPath0 = .
		CanCheckoutShared = true
		SolutionUniqueID = {6F8E4AE3-CB8E-4760-8086-796FE333A467}
		SccProjectUniqueName1 = XR_3DA.vcproj
		SccProjectName1 = \u0022$/XR_3DA\u0022,\u0020WABAAAAA
		SccLocalPath1 = .
		CanCheckoutShared = true
		SccProjectUniqueName2 = xrCPU_Pipe\\xrCPU_Pipe.vcproj
		SccProjectName2 = \u0022$/xr_3da/xrCPU_Pipe\u0022,\u0020ZTDAAAAA
		SccLocalPath2 = xrCPU_Pipe
		CanCheckoutShared = true
		SccProjectUniqueName3 = xrGame\\xrGame.vcproj
		SccProjectName3 = \u0022$/xr_3da/xrGame\u0022,\u0020LSDAAAAA
		SccLocalPath3 = xrGame
		CanCheckoutShared = true
		SccProjectUniqueName4 = ..\\xrSound\\xrSound.vcproj
		SccProjectName4 = \u0022$/xr_3da/xrSound\u0022,\u0020OJJAAAAA
		SccLocalPath4 = ..\\xrSound
		CanCheckoutShared = true
		SccProjectUniqueName5 = ..\\xrCore\\xrCore.vcproj
		SccProjectName5 = \u0022$/xrCore\u0022,\u0020QOIAAAAA
		SccLocalPath5 = ..\\xrCore
		CanCheckoutShared = true
		SccProjectUniqueName6 = ..\\xrCDB\\xrCDB.vcproj
		SccProjectName6 = \u0022$/xr_3da/xrCDB\u0022,\u0020XKFAAAAA
		SccLocalPath6 = ..\\xrCDB
		CanCheckoutShared = true
		SccProjectUniqueName7 = xrRender_R1\\xrRender_R1.vcproj
		SccLocalPath7 = .
		CanCheckoutShared = true
		SccProjectFilePathRelativizedFromConnection7 = xrRender_R1\\
		SccProjectUniqueName8 = xrRender_R2\\xrRender_R2.vcproj
		SccLocalPath8 = .
		CanCheckoutShared = true
		SccProjectFilePathRelativizedFromConnection8 = xrRender_R2\\
		SccProjectUniqueName9 = ..\\xrParticles\\ParticleDLL.vcproj
		SccProjectName9 = \u0022$/xrParticles\u0022,\u0020GQJAAAAA
		SccLocalPath9 = ..\\xrParticles
		CanCheckoutShared = true
	EndGlobalSection
	GlobalSection(SolutionConfiguration) = preSolution
		ConfigName.0 = Debug
		ConfigName.1 = Mixed
		ConfigName.2 = Release
	EndGlobalSection
	GlobalSection(ProjectDependencies) = postSolution
		{2578C6D8-660D-48AE-9322-7422F8664F06}.0 = {CCCA7859-EB86-493E-9B53-C4235F45B3C5}
		{2578C6D8-660D-48AE-9322-7422F8664F06}.1 = {A19B1DF2-82EC-4364-8BDF-85D13A1C89B5}
		{2578C6D8-660D-48AE-9322-7422F8664F06}.2 = {A0F7D1FB-59A7-4717-A7E4-96F37E91998E}
		{CA0649DD-D089-423A-981C-46B57A884EB9}.0 = {2578C6D8-660D-48AE-9322-7422F8664F06}
		{CA0649DD-D089-423A-981C-46B57A884EB9}.1 = {A0F7D1FB-59A7-4717-A7E4-96F37E91998E}
		{200652A6-043E-4634-8837-87983B3BD5E0}.0 = {CA0649DD-D089-423A-981C-46B57A884EB9}
		{200652A6-043E-4634-8837-87983B3BD5E0}.1 = {CCCA7859-EB86-493E-9B53-C4235F45B3C5}
		{200652A6-043E-4634-8837-87983B3BD5E0}.2 = {A0F7D1FB-59A7-4717-A7E4-96F37E91998E}
		{200652A6-043E-4634-8837-87983B3BD5E0}.3 = {A19B1DF2-82EC-4364-8BDF-85D13A1C89B5}
		{200652A6-043E-4634-8837-87983B3BD5E0}.4 = {2578C6D8-660D-48AE-9322-7422F8664F06}
		{CCCA7859-EB86-493E-9B53-C4235F45B3C5}.0 = {A19B1DF2-82EC-4364-8BDF-85D13A1C89B5}
		{CCCA7859-EB86-493E-9B53-C4235F45B3C5}.1 = {A0F7D1FB-59A7-4717-A7E4-96F37E91998E}
		{A19B1DF2-82EC-4364-8BDF-85D13A1C89B5}.0 = {A0F7D1FB-59A7-4717-A7E4-96F37E91998E}
	EndGlobalSection
	GlobalSection(ProjectConfiguration) = postSolution
		{2578C6D8-660D-48AE-9322-7422F8664F06}.Debug.ActiveCfg = Debug|Win32
		{2578C6D8-660D-48AE-9322-7422F8664F06}.Debug.Build.0 = Debug|Win32
		{2578C6D8-660D-48AE-9322-7422F8664F06}.Mixed.ActiveCfg = Mixed|Win32
		{2578C6D8-660D-48AE-9322-7422F8664F06}.Mixed.Build.0 = Mixed|Win32
		{2578C6D8-660D-48AE-9322-7422F8664F06}.Release.ActiveCfg = Release|Win32
		{2578C6D8-660D-48AE-9322-7422F8664F06}.Release.Build.0 = Release|Win32
		{CA0649DD-D089-423A-981C-46B57A884EB9}.Debug.ActiveCfg = Debug|Win32
		{CA0649DD-D089-423A-981C-46B57A884EB9}.Debug.Build.0 = Debug|Win32
		{CA0649DD-D089-423A-981C-46B57A884EB9}.Mixed.ActiveCfg = Mixed|Win32
		{CA0649DD-D089-423A-981C-46B57A884EB9}.Mixed.Build.0 = Mixed|Win32
		{CA0649DD-D089-423A-981C-46B57A884EB9}.Release.ActiveCfg = Release|Win32
		{CA0649DD-D089-423A-981C-46B57A884EB9}.Release.Build.0 = Release|Win32
		{200652A6-043E-4634-8837-87983B3BD5E0}.Debug.ActiveCfg = Debug|Win32
		{200652A6-043E-4634-8837-87983B3BD5E0}.Debug.Build.0 = Debug|Win32
		{200652A6-043E-4634-8837-87983B3BD5E0}.Mixed.ActiveCfg = Mixed|Win32
		{200652A6-043E-4634-8837-87983B3BD5E0}.Mixed.Build.0 = Mixed|Win32
		{200652A6-043E-4634-8837-87983B3BD5E0}.Release.ActiveCfg = Release|Win32
		{200652A6-043E-4634-8837-87983B3BD5E0}.Release.Build.0 = Release|Win32
		{CCCA7859-EB86-493E-9B53-C4235F45B3C5}.Debug.ActiveCfg = Debug|Win32
		{CCCA7859-EB86-493E-9B53-C4235F45B3C5}.Debug.Build.0 = Debug|Win32
		{CCCA7859-EB86-493E-9B53-C4235F45B3C5}.Mixed.ActiveCfg = Mixed|Win32
		{CCCA7859-EB86-493E-9B53-C4235F45B3C5}.Mixed.Build.0 = Mixed|Win32
		{CCCA7859-EB86-493E-9B53-C4235F45B3C5}.Release.ActiveCfg = Release|Win32
		{CCCA7859-EB86-493E-9B53-C4235F45B3C5}.Release.Build.0 = Release|Win32
		{A0F7D1FB-59A7-4717-A7E4-96F37E91998E}.Debug.ActiveCfg = Debug|Win32
		{A0F7D1FB-59A7-4717-A7E4-96F37E91998E}.Debug.Build.0 = Debug|Win32
		{A0F7D1FB-59A7-4717-A7E4-96F37E91998E}.Mixed.ActiveCfg = Mixed|Win32
		{A0F7D1FB-59A7-4717-A7E4-96F37E91998E}.Mixed.Build.0 = Mixed|Win32
		{A0F7D1FB-59A7-4717-A7E4-96F37E91998E}.Release.ActiveCfg = Release|Win32
		{A0F7D1FB-59A7-4717-A7E4-96F37E91998E}.Release.Build.0 = Release|Win32
		{A19B1DF2-82EC-4364-8BDF-85D13A1C89B5}.Debug.ActiveCfg = Debug|Win32
		{A19B1DF2-82EC-4364-8BDF-85D13A1C89B5}.Debug.Build.0 = Debug|Win32
		{A19B1DF2-82EC-4364-8BDF-85D13A1C89B5}.Mixed.ActiveCfg = Mixed|Win32
		{A19B1DF2-82EC-4364-8BDF-85D13A1C89B5}.Mixed.Build.0 = Mixed|Win32
		{A19B1DF2-82EC-4364-8BDF-85D13A1C89B5}.Release.ActiveCfg = Release|Win32
		{A19B1DF2-82EC-4364-8BDF-85D13A1C89B5}.Release.Build.0 = Release|Win32
		{57A498C9-A741-4DDF-8EFC-BFB9EB6B00E2}.Debug.ActiveCfg = Debug|Win32
		{57A498C9-A741-4DDF-8EFC-BFB9EB6B00E2}.Debug.Build.0 = Debug|Win32
		{57A498C9-A741-4DDF-8EFC-BFB9EB6B00E2}.Mixed.ActiveCfg = Mixed|Win32
		{57A498C9-A741-4DDF-8EFC-BFB9EB6B00E2}.Mixed.Build.0 = Mixed|Win32
		{57A498C9-A741-4DDF-8EFC-BFB9EB6B00E2}.Mixed (for debug only).ActiveCfg = Mixed|Win32
		{57A498C9-A741-4DDF-8EFC-BFB9EB6B00E2}.Mixed (for debug only).Build.0 = Mixed|Win32
		{57A498C9-A741-4DDF-8EFC-BFB9EB6B00E2}.Release.ActiveCfg = Release|Win32
		{57A498C9-A741-4DDF-8EFC-BFB9EB6B00E2}.Release.Build.0 = Release|Win32
		{963BA4E5-499A-454D-B002-1D5ECE0527A6}.Debug.ActiveCfg = Debug|Win32
		{963BA4E5-499A-454D-B002-1D5ECE0527A6}.Debug.Build.0 = Debug|Win32
		{963BA4E5-499A-454D-B002-1D5ECE0527A6}.Mixed.ActiveCfg = Release|Win32
		{963BA4E5-499A-454D-B002-1D5ECE0527A6}.Mixed.Build.0 = Release|Win32
		{963BA4E5-499A-454D-B002-1D5ECE0527A6}.Mixed (for debug only).ActiveCfg = Release|Win32
		{963BA4E5-499A-454D-B002-1D5ECE0527A6}.Mixed (for debug only).Build.0 = Release|Win32
		{963BA4E5-499A-454D-B002-1D5ECE0527A6}.Release.ActiveCfg = Release|Win32
		{963BA4E5-499A-454D-B002-1D5ECE0527A6}.Release.Build.0 = Release|Win32
		{94A1C366-3D19-48E6-8170-4ADC2E70DF97}.Debug.ActiveCfg = Debug|Win32
		{94A1C366-3D19-48E6-8170-4ADC2E70DF97}.Debug.Build.0 = Debug|Win32
		{94A1C366-3D19-48E6-8170-4ADC2E70DF97}.Mixed.ActiveCfg = Release|Win32
		{94A1C366-3D19-48E6-8170-4ADC2E70DF97}.Mixed.Build.0 = Release|Win32
		{94A1C366-3D19-48E6-8170-4ADC2E70DF97}.Release.ActiveCfg = Release|Win32
		{94A1C366-3D19-48E6-8170-4ADC2E70DF97}.Release.Build.0 = Release|Win32
	EndGlobalSection
	GlobalSection(ExtensibilityGlobals) = postSolution
	EndGlobalSection
	GlobalSection(ExtensibilityAddIns) = postSolution
	EndGlobalSection
EndGlobal
