Microsoft Visual Studio Solution File, Format Version 8.00
Project("{8BC9CEB8-8B4A-11D0-8D11-00A0C91BC942}") = "XR_3DA", "XR_3DA.vcproj", "{2578C6D8-660D-48AE-9322-7422F8664F06}"
	ProjectSection(ProjectDependencies) = postProject
		{CCCA7859-EB86-493E-9B53-C4235F45B3C5} = {CCCA7859-EB86-493E-9B53-C4235F45B3C5}
		{94A1C366-3D19-48E6-8170-4ADC2E70DF97} = {94A1C366-3D19-48E6-8170-4ADC2E70DF97}
		{9ACE5473-6D68-4B96-AC42-B39EABA0FE1F} = {9ACE5473-6D68-4B96-AC42-B39EABA0FE1F}
		{A19B1DF2-82EC-4364-8BDF-85D13A1C89B5} = {A19B1DF2-82EC-4364-8BDF-85D13A1C89B5}
		{A0F7D1FB-59A7-4717-A7E4-96F37E91998E} = {A0F7D1FB-59A7-4717-A7E4-96F37E91998E}
	EndProjectSection
EndProject
Project("{8BC9CEB8-8B4A-11D0-8D11-00A0C91BC942}") = "xrCPU_Pipe", "xrCPU_Pipe\xrCPU_Pipe.vcproj", "{CA0649DD-D089-423A-981C-46B57A884EB9}"
	ProjectSection(ProjectDependencies) = postProject
		{2578C6D8-660D-48AE-9322-7422F8664F06} = {2578C6D8-660D-48AE-9322-7422F8664F06}
		{A0F7D1FB-59A7-4717-A7E4-96F37E91998E} = {A0F7D1FB-59A7-4717-A7E4-96F37E91998E}
	EndProjectSection
EndProject
Project("{8BC9CEB8-8B4A-11D0-8D11-00A0C91BC942}") = "xrGame", "xrGame\xrGame.vcproj", "{200652A6-043E-4634-8837-87983B3BD5E0}"
	ProjectSection(ProjectDependencies) = postProject
		{CCCA7859-EB86-493E-9B53-C4235F45B3C5} = {CCCA7859-EB86-493E-9B53-C4235F45B3C5}
		{94A1C366-3D19-48E6-8170-4ADC2E70DF97} = {94A1C366-3D19-48E6-8170-4ADC2E70DF97}
		{94A1C366-3D19-48E6-8170-4ADC2E70DF98} = {94A1C366-3D19-48E6-8170-4ADC2E70DF98}
		{9ACE5473-6D68-4B96-AC42-B39EABA0FE1F} = {9ACE5473-6D68-4B96-AC42-B39EABA0FE1F}
		{435BAC9A-B225-457D-AB40-C9BD0CC8838C} = {435BAC9A-B225-457D-AB40-C9BD0CC8838C}
		{2578C6D8-660D-48AE-9322-7422F8664F06} = {2578C6D8-660D-48AE-9322-7422F8664F06}
		{CA0649DD-D089-423A-981C-46B57A884EB9} = {CA0649DD-D089-423A-981C-46B57A884EB9}
		{1BF75FEB-87DD-486C-880B-227987D191C2} = {1BF75FEB-87DD-486C-880B-227987D191C2}
		{A19B1DF2-82EC-4364-8BDF-85D13A1C89B5} = {A19B1DF2-82EC-4364-8BDF-85D13A1C89B5}
		{A0F7D1FB-59A7-4717-A7E4-96F37E91998E} = {A0F7D1FB-59A7-4717-A7E4-96F37E91998E}
	EndProjectSection
EndProject
Project("{8BC9CEB8-8B4A-11D0-8D11-00A0C91BC942}") = "xrSound", "..\xrSound\xrSound.vcproj", "{CCCA7859-EB86-493E-9B53-C4235F45B3C5}"
	ProjectSection(ProjectDependencies) = postProject
		{A19B1DF2-82EC-4364-8BDF-85D13A1C89B5} = {A19B1DF2-82EC-4364-8BDF-85D13A1C89B5}
		{A0F7D1FB-59A7-4717-A7E4-96F37E91998E} = {A0F7D1FB-59A7-4717-A7E4-96F37E91998E}
	EndProjectSection
EndProject
Project("{8BC9CEB8-8B4A-11D0-8D11-00A0C91BC942}") = "xrCore", "..\xrCore\xrCore.vcproj", "{A0F7D1FB-59A7-4717-A7E4-96F37E91998E}"
	ProjectSection(ProjectDependencies) = postProject
	EndProjectSection
EndProject
Project("{8BC9CEB8-8B4A-11D0-8D11-00A0C91BC942}") = "xrCDB", "..\xrCDB\xrCDB.vcproj", "{A19B1DF2-82EC-4364-8BDF-85D13A1C89B5}"
	ProjectSection(ProjectDependencies) = postProject
		{A0F7D1FB-59A7-4717-A7E4-96F37E91998E} = {A0F7D1FB-59A7-4717-A7E4-96F37E91998E}
	EndProjectSection
EndProject
Project("{8BC9CEB8-8B4A-11D0-8D11-00A0C91BC942}") = "xrRender_R1", "xrRender_R1\xrRender_R1.vcproj", "{57A498C9-A741-4DDF-8EFC-BFB9EB6B00E2}"
	ProjectSection(ProjectDependencies) = postProject
		{94A1C366-3D19-48E6-8170-4ADC2E70DF97} = {94A1C366-3D19-48E6-8170-4ADC2E70DF97}
		{2578C6D8-660D-48AE-9322-7422F8664F06} = {2578C6D8-660D-48AE-9322-7422F8664F06}
		{CA0649DD-D089-423A-981C-46B57A884EB9} = {CA0649DD-D089-423A-981C-46B57A884EB9}
		{A19B1DF2-82EC-4364-8BDF-85D13A1C89B5} = {A19B1DF2-82EC-4364-8BDF-85D13A1C89B5}
		{A0F7D1FB-59A7-4717-A7E4-96F37E91998E} = {A0F7D1FB-59A7-4717-A7E4-96F37E91998E}
	EndProjectSection
EndProject
Project("{8BC9CEB8-8B4A-11D0-8D11-00A0C91BC942}") = "xrRender_R2", "xrRender_R2\xrRender_R2.vcproj", "{963BA4E5-499A-454D-B002-1D5ECE0527A6}"
	ProjectSection(ProjectDependencies) = postProject
		{94A1C366-3D19-48E6-8170-4ADC2E70DF97} = {94A1C366-3D19-48E6-8170-4ADC2E70DF97}
		{2578C6D8-660D-48AE-9322-7422F8664F06} = {2578C6D8-660D-48AE-9322-7422F8664F06}
		{CA0649DD-D089-423A-981C-46B57A884EB9} = {CA0649DD-D089-423A-981C-46B57A884EB9}
		{A19B1DF2-82EC-4364-8BDF-85D13A1C89B5} = {A19B1DF2-82EC-4364-8BDF-85D13A1C89B5}
		{A0F7D1FB-59A7-4717-A7E4-96F37E91998E} = {A0F7D1FB-59A7-4717-A7E4-96F37E91998E}
	EndProjectSection
EndProject
Project("{8BC9CEB8-8B4A-11D0-8D11-00A0C91BC942}") = "xrXMLParser", "..\xrXMLParser\xrXMLParser.vcproj", "{94A1C366-3D19-48E6-8170-4ADC2E70DF98}"
	ProjectSection(ProjectDependencies) = postProject
		{A0F7D1FB-59A7-4717-A7E4-96F37E91998E} = {A0F7D1FB-59A7-4717-A7E4-96F37E91998E}
	EndProjectSection
EndProject
Project("{8BC9CEB8-8B4A-11D0-8D11-00A0C91BC942}") = "ode", "..\xrODE\contrib\msvc7\ode_default\default.vcproj", "{1BF75FEB-87DD-486C-880B-227987D191C2}"
	ProjectSection(ProjectDependencies) = postProject
	EndProjectSection
EndProject
Project("{8BC9CEB8-8B4A-11D0-8D11-00A0C91BC942}") = "xrParticles", "..\xrParticles\xrParticles.vcproj", "{94A1C366-3D19-48E6-8170-4ADC2E70DF97}"
	ProjectSection(ProjectDependencies) = postProject
		{A0F7D1FB-59A7-4717-A7E4-96F37E91998E} = {A0F7D1FB-59A7-4717-A7E4-96F37E91998E}
	EndProjectSection
EndProject
Project("{8BC9CEB8-8B4A-11D0-8D11-00A0C91BC942}") = "xrNetServer", "..\xrNetServer\xrNetServer.vcproj", "{435BAC9A-B225-457D-AB40-C9BD0CC8838C}"
	ProjectSection(ProjectDependencies) = postProject
		{A0F7D1FB-59A7-4717-A7E4-96F37E91998E} = {A0F7D1FB-59A7-4717-A7E4-96F37E91998E}
	EndProjectSection
EndProject
Project("{8BC9CEB8-8B4A-11D0-8D11-00A0C91BC942}") = "xrSE_Factory", "..\xrSE_Factory\xrSE_Factory.vcproj", "{3AD26FD3-4F52-4E22-A4CF-AD4C49E74C61}"
	ProjectSection(ProjectDependencies) = postProject
		{94A1C366-3D19-48E6-8170-4ADC2E70DF98} = {94A1C366-3D19-48E6-8170-4ADC2E70DF98}
		{9ACE5473-6D68-4B96-AC42-B39EABA0FE1F} = {9ACE5473-6D68-4B96-AC42-B39EABA0FE1F}
		{435BAC9A-B225-457D-AB40-C9BD0CC8838C} = {435BAC9A-B225-457D-AB40-C9BD0CC8838C}
		{A0F7D1FB-59A7-4717-A7E4-96F37E91998E} = {A0F7D1FB-59A7-4717-A7E4-96F37E91998E}
	EndProjectSection
EndProject
Project("{8BC9CEB8-8B4A-11D0-8D11-00A0C91BC942}") = "xrCompress", "..\xrCompress\xrCompress.vcproj", "{EF76867B-6EB8-4DC0-A1D6-E964FAD6FC7B}"
	ProjectSection(ProjectDependencies) = postProject
		{A0F7D1FB-59A7-4717-A7E4-96F37E91998E} = {A0F7D1FB-59A7-4717-A7E4-96F37E91998E}
	EndProjectSection
EndProject
Project("{8BC9CEB8-8B4A-11D0-8D11-00A0C91BC942}") = "DXT", "..\xrDXT\DXT.vcproj", "{EBF9B543-0830-4866-9B48-DC0740E87E8A}"
	ProjectSection(ProjectDependencies) = postProject
		{A0F7D1FB-59A7-4717-A7E4-96F37E91998E} = {A0F7D1FB-59A7-4717-A7E4-96F37E91998E}
	EndProjectSection
EndProject
Project("{8BC9CEB8-8B4A-11D0-8D11-00A0C91BC942}") = "xrStalker", "X:\gamedata\xrstalker.vcproj", "{90F938A1-176A-4379-A3D1-DD516E8A6DC1}"
	ProjectSection(ProjectDependencies) = postProject
	EndProjectSection
EndProject
Project("{8BC9CEB8-8B4A-11D0-8D11-00A0C91BC942}") = "xrLC", "..\xrLC\xrLC.vcproj", "{A4ABD75E-825B-4D09-B3B2-2709682E40C8}"
	ProjectSection(ProjectDependencies) = postProject
		{EBF9B543-0830-4866-9B48-DC0740E87E8A} = {EBF9B543-0830-4866-9B48-DC0740E87E8A}
		{65CBB9D0-FBC6-41A4-8316-F5E9B5D7FB33} = {65CBB9D0-FBC6-41A4-8316-F5E9B5D7FB33}
		{F1836CE2-59EF-4189-8B9C-D103A511CB27} = {F1836CE2-59EF-4189-8B9C-D103A511CB27}
		{A19B1DF2-82EC-4364-8BDF-85D13A1C89B5} = {A19B1DF2-82EC-4364-8BDF-85D13A1C89B5}
		{A0F7D1FB-59A7-4717-A7E4-96F37E91998E} = {A0F7D1FB-59A7-4717-A7E4-96F37E91998E}
	EndProjectSection
EndProject
Project("{8BC9CEB8-8B4A-11D0-8D11-00A0C91BC942}") = "xrQSlim", "..\xrQSlim\xrQSlim.vcproj", "{F1836CE2-59EF-4189-8B9C-D103A511CB27}"
	ProjectSection(ProjectDependencies) = postProject
	EndProjectSection
EndProject
Project("{8BC9CEB8-8B4A-11D0-8D11-00A0C91BC942}") = "xrDO_Light", "..\xrLC\xrDO_Light\xrDO_Light.vcproj", "{B730F54D-1199-481A-AAD0-5DB684E067C0}"
	ProjectSection(ProjectDependencies) = postProject
		{EBF9B543-0830-4866-9B48-DC0740E87E8A} = {EBF9B543-0830-4866-9B48-DC0740E87E8A}
		{A19B1DF2-82EC-4364-8BDF-85D13A1C89B5} = {A19B1DF2-82EC-4364-8BDF-85D13A1C89B5}
		{A0F7D1FB-59A7-4717-A7E4-96F37E91998E} = {A0F7D1FB-59A7-4717-A7E4-96F37E91998E}
	EndProjectSection
EndProject
Project("{8BC9CEB8-8B4A-11D0-8D11-00A0C91BC942}") = "xrAI", "..\xrAI\xrAI.vcproj", "{EA5932F3-02FE-4AD3-89E8-7072DC465D25}"
	ProjectSection(ProjectDependencies) = postProject
		{3AD26FD3-4F52-4E22-A4CF-AD4C49E74C61} = {3AD26FD3-4F52-4E22-A4CF-AD4C49E74C61}
		{A19B1DF2-82EC-4364-8BDF-85D13A1C89B5} = {A19B1DF2-82EC-4364-8BDF-85D13A1C89B5}
		{A0F7D1FB-59A7-4717-A7E4-96F37E91998E} = {A0F7D1FB-59A7-4717-A7E4-96F37E91998E}
	EndProjectSection
EndProject
Project("{8BC9CEB8-8B4A-11D0-8D11-00A0C91BC942}") = "ETools", "..\ETools\ETools.vcproj", "{65CBB9D0-FBC6-41A4-8316-F5E9B5D7FB33}"
	ProjectSection(ProjectDependencies) = postProject
		{F1836CE2-59EF-4189-8B9C-D103A511CB27} = {F1836CE2-59EF-4189-8B9C-D103A511CB27}
		{A19B1DF2-82EC-4364-8BDF-85D13A1C89B5} = {A19B1DF2-82EC-4364-8BDF-85D13A1C89B5}
		{A0F7D1FB-59A7-4717-A7E4-96F37E91998E} = {A0F7D1FB-59A7-4717-A7E4-96F37E91998E}
	EndProjectSection
EndProject
Project("{8BC9CEB8-8B4A-11D0-8D11-00A0C91BC942}") = "xrD3D9-Null", "xrGame\xrD3D9-Null\xrD3D9-Null.vcproj", "{0899B131-F1D4-4876-9BA1-67AC821DB9E1}"
	ProjectSection(ProjectDependencies) = postProject
	EndProjectSection
EndProject
Project("{8BC9CEB8-8B4A-11D0-8D11-00A0C91BC942}") = "xrGameSpy", "xrGame\xrGameSpy\xrGameSpy.vcproj", "{5535F6B4-7AE6-4B66-8AEA-CC31C14D7AB7}"
	ProjectSection(ProjectDependencies) = postProject
	EndProjectSection
EndProject
Project("{8BC9CEB8-8B4A-11D0-8D11-00A0C91BC942}") = "xrLUA_JIT", "..\xrLUA_JIT\xrLUA_JIT.vcproj", "{9ACE5473-6D68-4B96-AC42-B39EABA0FE1F}"
	ProjectSection(ProjectDependencies) = postProject
		{A0F7D1FB-59A7-4717-A7E4-96F37E91998E} = {A0F7D1FB-59A7-4717-A7E4-96F37E91998E}
	EndProjectSection
EndProject
Project("{8BC9CEB8-8B4A-11D0-8D11-00A0C91BC942}") = "Stalker_net", "Stalker_Net\Stalker_net.vcproj", "{AF9ACB0D-451A-4878-A04C-0B9E221CC705}"
	ProjectSection(ProjectDependencies) = postProject
	EndProjectSection
EndProject
Project("{8BC9CEB8-8B4A-11D0-8D11-00A0C91BC942}") = "xrStatisticConvert", "xrStatisticConvert\xrStatisticConvert.vcproj", "{2EA2CBBA-16BD-4B97-80B3-3F824CFBD4F1}"
	ProjectSection(ProjectDependencies) = postProject
	EndProjectSection
EndProject
Global
	GlobalSection(SourceCodeControl) = preSolution
		SccNumberOfProjects = 27
		SccLocalPath0 = .
		CanCheckoutShared = true
		SolutionUniqueID = {8D811D94-1ECD-4E77-A5F9-4FBD29D1BACA}
		SccProjectUniqueName1 = XR_3DA.vcproj
		SccProjectName1 = \u0022$/XR_3DA\u0022,\u0020WABAAAAA
		SccLocalPath1 = .
		CanCheckoutShared = true
		SccProjectUniqueName2 = xrCPU_Pipe\\xrCPU_Pipe.vcproj
		SccProjectName2 = \u0022$/xr_3da/xrCPU_Pipe\u0022,\u0020ZTDAAAAA
		SccLocalPath2 = xrCPU_Pipe
		CanCheckoutShared = true
		SccProjectUniqueName3 = xrGame\\xrGame.vcproj
		SccProjectName3 = \u0022$/xr_3da/xrGame\u0022,\u0020LSDAAAAA
		SccLocalPath3 = xrGame
		CanCheckoutShared = true
		SccProjectUniqueName4 = ..\\xrCDB\\xrCDB.vcproj
		SccProjectName4 = \u0022$/xr_3da/xrCDB\u0022,\u0020XKFAAAAA
		SccLocalPath4 = ..\\xrCDB
		CanCheckoutShared = true
		SccProjectUniqueName5 = ..\\xrODE\\contrib\\msvc7\\ode_default\\default.vcproj
		SccProjectName5 = \u0022$/xrODE\u0022,\u0020AJPAAAAA
		SccLocalPath5 = ..\\xrODE
		CanCheckoutShared = true
		SccProjectFilePathRelativizedFromConnection5 = contrib\\msvc7\\ode_default\\
		SccProjectUniqueName6 = ..\\xrCompress\\xrCompress.vcproj
		SccProjectName6 = \u0022$/xrCompress\u0022,\u0020CIFAAAAA
		SccLocalPath6 = ..\\xrCompress
		CanCheckoutShared = true
		SccProjectUniqueName7 = ..\\xrDXT\\DXT.vcproj
		SccProjectName7 = \u0022$/Editors/Tools/DXT\u0022,\u0020DDFAAAAA
		SccLocalPath7 = ..\\xrDXT
		CanCheckoutShared = true
		SccProjectUniqueName8 = X:\\gamedata\\xrstalker.vcproj
		SccProjectName8 = \u0022$/xrStalker\u0022,\u0020JSYAAAAA
		SccLocalPath8 = X:\\gamedata
		CanCheckoutShared = true
		SccProjectUniqueName9 = ..\\xrLC\\xrLC.vcproj
		SccProjectName9 = \u0022$/xrLC\u0022,\u0020TLAAAAAA
		SccLocalPath9 = ..\\xrLC
		CanCheckoutShared = true
		SccProjectUniqueName10 = ..\\xrLC\\xrDO_Light\\xrDO_Light.vcproj
		SccProjectName10 = \u0022$/xrLC/xrDO_Light\u0022,\u0020CHEAAAAA
		SccLocalPath10 = ..\\xrLC\\xrDO_Light
		CanCheckoutShared = true
		SccProjectUniqueName11 = ..\\xrAI\\xrAI.vcproj
		SccProjectName11 = \u0022$/xrAI\u0022,\u0020ULAAAAAA
		SccLocalPath11 = ..\\xrAI
		CanCheckoutShared = true
		SccProjectUniqueName12 = ..\\ETools\\ETools.vcproj
		SccProjectName12 = \u0022$/Editors/Tools/ETools\u0022,\u0020ADFAAAAA
		SccLocalPath12 = ..\\ETools
		CanCheckoutShared = true
		SccProjectUniqueName13 = ..\\xrSound\\xrSound.vcproj
		SccProjectName13 = \u0022$/xr_3da/xrSound\u0022,\u0020OJJAAAAA
		SccLocalPath13 = ..\\xrSound
		CanCheckoutShared = true
		SccProjectUniqueName14 = ..\\xrCore\\xrCore.vcproj
		SccProjectName14 = \u0022$/xrCore\u0022,\u0020QOIAAAAA
		SccLocalPath14 = ..\\xrCore
		CanCheckoutShared = true
		SccProjectUniqueName15 = xrRender_R1\\xrRender_R1.vcproj
		SccProjectName15 = \u0022$/xr_3da/xrRender_R1\u0022,\u0020UKJAAAAA
		SccLocalPath15 = xrRender_R1
		CanCheckoutShared = true
		SccProjectUniqueName16 = xrRender_R2\\xrRender_R2.vcproj
		SccProjectName16 = \u0022$/xr_3da/xrRender_R2\u0022,\u0020MNJAAAAA
		SccLocalPath16 = xrRender_R2
		CanCheckoutShared = true
		SccProjectUniqueName17 = ..\\xrXMLParser\\xrXMLParser.vcproj
		SccProjectName17 = \u0022$/xrXMLParser\u0022,\u0020MGLAAAAA
		SccLocalPath17 = ..\\xrXMLParser
		CanCheckoutShared = true
		SccProjectUniqueName18 = ..\\xrParticles\\xrParticles.vcproj
		SccProjectName18 = \u0022$/xrParticles\u0022,\u0020IRQAAAAA
		SccLocalPath18 = ..\\xrParticles
		CanCheckoutShared = true
		SccProjectUniqueName19 = ..\\xrNetServer\\xrNetServer.vcproj
		SccProjectName19 = \u0022$/xrNetServer\u0022,\u0020CDRAAAAA
		SccLocalPath19 = ..\\xrNetServer
		CanCheckoutShared = true
		SccProjectUniqueName20 = ..\\xrSE_Factory\\xrSE_Factory.vcproj
		SccProjectName20 = \u0022$/xrSE_Factory\u0022,\u0020XWTAAAAA
		SccLocalPath20 = ..\\xrSE_Factory
		CanCheckoutShared = true
		SccProjectUniqueName21 = ..\\xrQSlim\\xrQSlim.vcproj
		SccProjectName21 = \u0022$/xrQSlim\u0022,\u0020YJVAAAAA
		SccLocalPath21 = ..\\xrQSlim
		CanCheckoutShared = true
		SccProjectUniqueName22 = xrGame\\xrD3D9-Null\\xrD3D9-Null.vcproj
		SccProjectName22 = \u0022$/xr_3da/xrGame/xrD3D9-Null\u0022,\u0020LWBBAAAA
		SccLocalPath22 = xrGame\\xrD3D9-Null
		CanCheckoutShared = true
		SccProjectUniqueName23 = xrGame\\xrGameSpy\\xrGameSpy.vcproj
		SccProjectName23 = \u0022$/xr_3da/xrGame/xrGameSpy\u0022,\u0020MRDBAAAA
		SccLocalPath23 = xrGame\\xrGameSpy
		CanCheckoutShared = true
		SccProjectUniqueName24 = ..\\xrLUA_JIT\\xrLUA_JIT.vcproj
		SccProjectName24 = \u0022$/xrLUA_JIT\u0022,\u0020KGFBAAAA
		SccLocalPath24 = ..\\xrlua_jit
		CanCheckoutShared = true
		SccProjectUniqueName25 = Stalker_Net\\Stalker_net.vcproj
		SccProjectName25 = \u0022$/xr_3da/xrGame/Stalker_net\u0022,\u0020RXBBAAAA
		SccLocalPath25 = Stalker_Net
		CanCheckoutShared = true
		SccProjectUniqueName26 = xrStatisticConvert\\xrStatisticConvert.vcproj
		SccProjectName26 = \u0022$/xr_3da/xrGame/xrStatisticConvert\u0022,\u0020LBDBAAAA
		SccLocalPath26 = xrStatisticConvert
		CanCheckoutShared = true
	EndGlobalSection
	GlobalSection(SolutionConfiguration) = preSolution
		Debug = Debug
		Debug_Dedicated = Debug_Dedicated
		DebugNoExceptions = DebugNoExceptions
		Mixed = Mixed
		Mixed_Dedicated = Mixed_Dedicated
		Release = Release
		Release_Dedicated = Release_Dedicated
	EndGlobalSection
	GlobalSection(ProjectConfiguration) = postSolution
		{2578C6D8-660D-48AE-9322-7422F8664F06}.Debug.ActiveCfg = Debug|Win32
		{2578C6D8-660D-48AE-9322-7422F8664F06}.Debug.Build.0 = Debug|Win32
		{2578C6D8-660D-48AE-9322-7422F8664F06}.Debug_Dedicated.ActiveCfg = Debug_Dedicated|Win32
		{2578C6D8-660D-48AE-9322-7422F8664F06}.Debug_Dedicated.Build.0 = Debug_Dedicated|Win32
		{2578C6D8-660D-48AE-9322-7422F8664F06}.DebugNoExceptions.ActiveCfg = Debug|Win32
		{2578C6D8-660D-48AE-9322-7422F8664F06}.Mixed.ActiveCfg = Mixed|Win32
		{2578C6D8-660D-48AE-9322-7422F8664F06}.Mixed.Build.0 = Mixed|Win32
		{2578C6D8-660D-48AE-9322-7422F8664F06}.Mixed_Dedicated.ActiveCfg = Mixed_Dedicated|Win32
		{2578C6D8-660D-48AE-9322-7422F8664F06}.Mixed_Dedicated.Build.0 = Mixed_Dedicated|Win32
		{2578C6D8-660D-48AE-9322-7422F8664F06}.Release.ActiveCfg = Release|Win32
		{2578C6D8-660D-48AE-9322-7422F8664F06}.Release.Build.0 = Release|Win32
		{2578C6D8-660D-48AE-9322-7422F8664F06}.Release_Dedicated.ActiveCfg = Release_Dedicated|Win32
		{2578C6D8-660D-48AE-9322-7422F8664F06}.Release_Dedicated.Build.0 = Release_Dedicated|Win32
		{CA0649DD-D089-423A-981C-46B57A884EB9}.Debug.ActiveCfg = Debug|Win32
		{CA0649DD-D089-423A-981C-46B57A884EB9}.Debug.Build.0 = Debug|Win32
		{CA0649DD-D089-423A-981C-46B57A884EB9}.Debug_Dedicated.ActiveCfg = Debug|Win32
		{CA0649DD-D089-423A-981C-46B57A884EB9}.Debug_Dedicated.Build.0 = Debug|Win32
		{CA0649DD-D089-423A-981C-46B57A884EB9}.DebugNoExceptions.ActiveCfg = Debug|Win32
		{CA0649DD-D089-423A-981C-46B57A884EB9}.Mixed.ActiveCfg = Mixed|Win32
		{CA0649DD-D089-423A-981C-46B57A884EB9}.Mixed.Build.0 = Mixed|Win32
		{CA0649DD-D089-423A-981C-46B57A884EB9}.Mixed_Dedicated.ActiveCfg = Mixed|Win32
		{CA0649DD-D089-423A-981C-46B57A884EB9}.Mixed_Dedicated.Build.0 = Mixed|Win32
		{CA0649DD-D089-423A-981C-46B57A884EB9}.Release.ActiveCfg = Release|Win32
		{CA0649DD-D089-423A-981C-46B57A884EB9}.Release.Build.0 = Release|Win32
		{CA0649DD-D089-423A-981C-46B57A884EB9}.Release_Dedicated.ActiveCfg = Release|Win32
		{CA0649DD-D089-423A-981C-46B57A884EB9}.Release_Dedicated.Build.0 = Release|Win32
		{200652A6-043E-4634-8837-87983B3BD5E0}.Debug.ActiveCfg = Debug|Win32
		{200652A6-043E-4634-8837-87983B3BD5E0}.Debug.Build.0 = Debug|Win32
		{200652A6-043E-4634-8837-87983B3BD5E0}.Debug_Dedicated.ActiveCfg = Debug|Win32
		{200652A6-043E-4634-8837-87983B3BD5E0}.Debug_Dedicated.Build.0 = Debug|Win32
		{200652A6-043E-4634-8837-87983B3BD5E0}.DebugNoExceptions.ActiveCfg = Debug|Win32
		{200652A6-043E-4634-8837-87983B3BD5E0}.Mixed.ActiveCfg = Mixed|Win32
		{200652A6-043E-4634-8837-87983B3BD5E0}.Mixed.Build.0 = Mixed|Win32
		{200652A6-043E-4634-8837-87983B3BD5E0}.Mixed_Dedicated.ActiveCfg = Mixed|Win32
		{200652A6-043E-4634-8837-87983B3BD5E0}.Mixed_Dedicated.Build.0 = Mixed|Win32
		{200652A6-043E-4634-8837-87983B3BD5E0}.Release.ActiveCfg = Release|Win32
		{200652A6-043E-4634-8837-87983B3BD5E0}.Release.Build.0 = Release|Win32
		{200652A6-043E-4634-8837-87983B3BD5E0}.Release_Dedicated.ActiveCfg = Release|Win32
		{200652A6-043E-4634-8837-87983B3BD5E0}.Release_Dedicated.Build.0 = Release|Win32
		{CCCA7859-EB86-493E-9B53-C4235F45B3C5}.Debug.ActiveCfg = Debug|Win32
		{CCCA7859-EB86-493E-9B53-C4235F45B3C5}.Debug.Build.0 = Debug|Win32
		{CCCA7859-EB86-493E-9B53-C4235F45B3C5}.Debug_Dedicated.ActiveCfg = Debug|Win32
		{CCCA7859-EB86-493E-9B53-C4235F45B3C5}.Debug_Dedicated.Build.0 = Debug|Win32
		{CCCA7859-EB86-493E-9B53-C4235F45B3C5}.DebugNoExceptions.ActiveCfg = Debug|Win32
		{CCCA7859-EB86-493E-9B53-C4235F45B3C5}.Mixed.ActiveCfg = Mixed|Win32
		{CCCA7859-EB86-493E-9B53-C4235F45B3C5}.Mixed.Build.0 = Mixed|Win32
		{CCCA7859-EB86-493E-9B53-C4235F45B3C5}.Mixed_Dedicated.ActiveCfg = Mixed|Win32
		{CCCA7859-EB86-493E-9B53-C4235F45B3C5}.Mixed_Dedicated.Build.0 = Mixed|Win32
		{CCCA7859-EB86-493E-9B53-C4235F45B3C5}.Release.ActiveCfg = Release|Win32
		{CCCA7859-EB86-493E-9B53-C4235F45B3C5}.Release.Build.0 = Release|Win32
		{CCCA7859-EB86-493E-9B53-C4235F45B3C5}.Release_Dedicated.ActiveCfg = Release|Win32
		{CCCA7859-EB86-493E-9B53-C4235F45B3C5}.Release_Dedicated.Build.0 = Release|Win32
		{A0F7D1FB-59A7-4717-A7E4-96F37E91998E}.Debug.ActiveCfg = Debug|Win32
		{A0F7D1FB-59A7-4717-A7E4-96F37E91998E}.Debug.Build.0 = Debug|Win32
		{A0F7D1FB-59A7-4717-A7E4-96F37E91998E}.Debug_Dedicated.ActiveCfg = Debug|Win32
		{A0F7D1FB-59A7-4717-A7E4-96F37E91998E}.Debug_Dedicated.Build.0 = Debug|Win32
		{A0F7D1FB-59A7-4717-A7E4-96F37E91998E}.DebugNoExceptions.ActiveCfg = Debug|Win32
		{A0F7D1FB-59A7-4717-A7E4-96F37E91998E}.Mixed.ActiveCfg = Mixed|Win32
		{A0F7D1FB-59A7-4717-A7E4-96F37E91998E}.Mixed.Build.0 = Mixed|Win32
		{A0F7D1FB-59A7-4717-A7E4-96F37E91998E}.Mixed_Dedicated.ActiveCfg = Mixed|Win32
		{A0F7D1FB-59A7-4717-A7E4-96F37E91998E}.Mixed_Dedicated.Build.0 = Mixed|Win32
		{A0F7D1FB-59A7-4717-A7E4-96F37E91998E}.Release.ActiveCfg = Release|Win32
		{A0F7D1FB-59A7-4717-A7E4-96F37E91998E}.Release.Build.0 = Release|Win32
		{A0F7D1FB-59A7-4717-A7E4-96F37E91998E}.Release_Dedicated.ActiveCfg = Release|Win32
		{A0F7D1FB-59A7-4717-A7E4-96F37E91998E}.Release_Dedicated.Build.0 = Release|Win32
		{A19B1DF2-82EC-4364-8BDF-85D13A1C89B5}.Debug.ActiveCfg = Debug|Win32
		{A19B1DF2-82EC-4364-8BDF-85D13A1C89B5}.Debug.Build.0 = Debug|Win32
		{A19B1DF2-82EC-4364-8BDF-85D13A1C89B5}.Debug_Dedicated.ActiveCfg = Debug|Win32
		{A19B1DF2-82EC-4364-8BDF-85D13A1C89B5}.Debug_Dedicated.Build.0 = Debug|Win32
		{A19B1DF2-82EC-4364-8BDF-85D13A1C89B5}.DebugNoExceptions.ActiveCfg = Debug|Win32
		{A19B1DF2-82EC-4364-8BDF-85D13A1C89B5}.Mixed.ActiveCfg = Mixed|Win32
		{A19B1DF2-82EC-4364-8BDF-85D13A1C89B5}.Mixed.Build.0 = Mixed|Win32
		{A19B1DF2-82EC-4364-8BDF-85D13A1C89B5}.Mixed_Dedicated.ActiveCfg = Mixed|Win32
		{A19B1DF2-82EC-4364-8BDF-85D13A1C89B5}.Mixed_Dedicated.Build.0 = Mixed|Win32
		{A19B1DF2-82EC-4364-8BDF-85D13A1C89B5}.Release.ActiveCfg = Release|Win32
		{A19B1DF2-82EC-4364-8BDF-85D13A1C89B5}.Release.Build.0 = Release|Win32
		{A19B1DF2-82EC-4364-8BDF-85D13A1C89B5}.Release_Dedicated.ActiveCfg = Release|Win32
		{A19B1DF2-82EC-4364-8BDF-85D13A1C89B5}.Release_Dedicated.Build.0 = Release|Win32
		{57A498C9-A741-4DDF-8EFC-BFB9EB6B00E2}.Debug.ActiveCfg = Debug|Win32
		{57A498C9-A741-4DDF-8EFC-BFB9EB6B00E2}.Debug.Build.0 = Debug|Win32
		{57A498C9-A741-4DDF-8EFC-BFB9EB6B00E2}.Debug_Dedicated.ActiveCfg = Debug|Win32
		{57A498C9-A741-4DDF-8EFC-BFB9EB6B00E2}.Debug_Dedicated.Build.0 = Debug|Win32
		{57A498C9-A741-4DDF-8EFC-BFB9EB6B00E2}.DebugNoExceptions.ActiveCfg = DebugNoExceptions|Win32
		{57A498C9-A741-4DDF-8EFC-BFB9EB6B00E2}.DebugNoExceptions.Build.0 = DebugNoExceptions|Win32
		{57A498C9-A741-4DDF-8EFC-BFB9EB6B00E2}.Mixed.ActiveCfg = Mixed|Win32
		{57A498C9-A741-4DDF-8EFC-BFB9EB6B00E2}.Mixed.Build.0 = Mixed|Win32
		{57A498C9-A741-4DDF-8EFC-BFB9EB6B00E2}.Mixed_Dedicated.ActiveCfg = Mixed|Win32
		{57A498C9-A741-4DDF-8EFC-BFB9EB6B00E2}.Mixed_Dedicated.Build.0 = Mixed|Win32
		{57A498C9-A741-4DDF-8EFC-BFB9EB6B00E2}.Release.ActiveCfg = Release|Win32
		{57A498C9-A741-4DDF-8EFC-BFB9EB6B00E2}.Release.Build.0 = Release|Win32
		{57A498C9-A741-4DDF-8EFC-BFB9EB6B00E2}.Release_Dedicated.ActiveCfg = Release|Win32
		{57A498C9-A741-4DDF-8EFC-BFB9EB6B00E2}.Release_Dedicated.Build.0 = Release|Win32
		{963BA4E5-499A-454D-B002-1D5ECE0527A6}.Debug.ActiveCfg = Debug|Win32
		{963BA4E5-499A-454D-B002-1D5ECE0527A6}.Debug.Build.0 = Debug|Win32
		{963BA4E5-499A-454D-B002-1D5ECE0527A6}.Debug_Dedicated.ActiveCfg = Debug|Win32
		{963BA4E5-499A-454D-B002-1D5ECE0527A6}.Debug_Dedicated.Build.0 = Debug|Win32
		{963BA4E5-499A-454D-B002-1D5ECE0527A6}.DebugNoExceptions.ActiveCfg = Debug|Win32
		{963BA4E5-499A-454D-B002-1D5ECE0527A6}.Mixed.ActiveCfg = Mixed|Win32
		{963BA4E5-499A-454D-B002-1D5ECE0527A6}.Mixed.Build.0 = Mixed|Win32
		{963BA4E5-499A-454D-B002-1D5ECE0527A6}.Mixed_Dedicated.ActiveCfg = Mixed|Win32
		{963BA4E5-499A-454D-B002-1D5ECE0527A6}.Mixed_Dedicated.Build.0 = Mixed|Win32
		{963BA4E5-499A-454D-B002-1D5ECE0527A6}.Release.ActiveCfg = Release|Win32
		{963BA4E5-499A-454D-B002-1D5ECE0527A6}.Release.Build.0 = Release|Win32
		{963BA4E5-499A-454D-B002-1D5ECE0527A6}.Release_Dedicated.ActiveCfg = Release|Win32
		{963BA4E5-499A-454D-B002-1D5ECE0527A6}.Release_Dedicated.Build.0 = Release|Win32
		{94A1C366-3D19-48E6-8170-4ADC2E70DF98}.Debug.ActiveCfg = Debug|Win32
		{94A1C366-3D19-48E6-8170-4ADC2E70DF98}.Debug.Build.0 = Debug|Win32
		{94A1C366-3D19-48E6-8170-4ADC2E70DF98}.Debug_Dedicated.ActiveCfg = Debug|Win32
		{94A1C366-3D19-48E6-8170-4ADC2E70DF98}.Debug_Dedicated.Build.0 = Debug|Win32
		{94A1C366-3D19-48E6-8170-4ADC2E70DF98}.DebugNoExceptions.ActiveCfg = Debug|Win32
		{94A1C366-3D19-48E6-8170-4ADC2E70DF98}.Mixed.ActiveCfg = Mixed|Win32
		{94A1C366-3D19-48E6-8170-4ADC2E70DF98}.Mixed.Build.0 = Mixed|Win32
		{94A1C366-3D19-48E6-8170-4ADC2E70DF98}.Mixed_Dedicated.ActiveCfg = Mixed|Win32
		{94A1C366-3D19-48E6-8170-4ADC2E70DF98}.Mixed_Dedicated.Build.0 = Mixed|Win32
		{94A1C366-3D19-48E6-8170-4ADC2E70DF98}.Release.ActiveCfg = Release|Win32
		{94A1C366-3D19-48E6-8170-4ADC2E70DF98}.Release.Build.0 = Release|Win32
		{94A1C366-3D19-48E6-8170-4ADC2E70DF98}.Release_Dedicated.ActiveCfg = Release|Win32
		{94A1C366-3D19-48E6-8170-4ADC2E70DF98}.Release_Dedicated.Build.0 = Release|Win32
		{1BF75FEB-87DD-486C-880B-227987D191C2}.Debug.ActiveCfg = Debug|Win32
		{1BF75FEB-87DD-486C-880B-227987D191C2}.Debug.Build.0 = Debug|Win32
		{1BF75FEB-87DD-486C-880B-227987D191C2}.Debug_Dedicated.ActiveCfg = Debug|Win32
		{1BF75FEB-87DD-486C-880B-227987D191C2}.Debug_Dedicated.Build.0 = Debug|Win32
		{1BF75FEB-87DD-486C-880B-227987D191C2}.DebugNoExceptions.ActiveCfg = Debug|Win32
		{1BF75FEB-87DD-486C-880B-227987D191C2}.Mixed.ActiveCfg = Mixed|Win32
		{1BF75FEB-87DD-486C-880B-227987D191C2}.Mixed.Build.0 = Mixed|Win32
		{1BF75FEB-87DD-486C-880B-227987D191C2}.Mixed_Dedicated.ActiveCfg = Mixed|Win32
		{1BF75FEB-87DD-486C-880B-227987D191C2}.Mixed_Dedicated.Build.0 = Mixed|Win32
		{1BF75FEB-87DD-486C-880B-227987D191C2}.Release.ActiveCfg = Release|Win32
		{1BF75FEB-87DD-486C-880B-227987D191C2}.Release.Build.0 = Release|Win32
		{1BF75FEB-87DD-486C-880B-227987D191C2}.Release_Dedicated.ActiveCfg = Release|Win32
		{1BF75FEB-87DD-486C-880B-227987D191C2}.Release_Dedicated.Build.0 = Release|Win32
		{94A1C366-3D19-48E6-8170-4ADC2E70DF97}.Debug.ActiveCfg = Debug|Win32
		{94A1C366-3D19-48E6-8170-4ADC2E70DF97}.Debug.Build.0 = Debug|Win32
		{94A1C366-3D19-48E6-8170-4ADC2E70DF97}.Debug_Dedicated.ActiveCfg = Debug|Win32
		{94A1C366-3D19-48E6-8170-4ADC2E70DF97}.Debug_Dedicated.Build.0 = Debug|Win32
		{94A1C366-3D19-48E6-8170-4ADC2E70DF97}.DebugNoExceptions.ActiveCfg = DebugNoExceptions|Win32
		{94A1C366-3D19-48E6-8170-4ADC2E70DF97}.DebugNoExceptions.Build.0 = DebugNoExceptions|Win32
		{94A1C366-3D19-48E6-8170-4ADC2E70DF97}.Mixed.ActiveCfg = Mixed|Win32
		{94A1C366-3D19-48E6-8170-4ADC2E70DF97}.Mixed.Build.0 = Mixed|Win32
		{94A1C366-3D19-48E6-8170-4ADC2E70DF97}.Mixed_Dedicated.ActiveCfg = Mixed|Win32
		{94A1C366-3D19-48E6-8170-4ADC2E70DF97}.Mixed_Dedicated.Build.0 = Mixed|Win32
		{94A1C366-3D19-48E6-8170-4ADC2E70DF97}.Release.ActiveCfg = Release|Win32
		{94A1C366-3D19-48E6-8170-4ADC2E70DF97}.Release.Build.0 = Release|Win32
		{94A1C366-3D19-48E6-8170-4ADC2E70DF97}.Release_Dedicated.ActiveCfg = Release|Win32
		{94A1C366-3D19-48E6-8170-4ADC2E70DF97}.Release_Dedicated.Build.0 = Release|Win32
		{435BAC9A-B225-457D-AB40-C9BD0CC8838C}.Debug.ActiveCfg = Debug|Win32
		{435BAC9A-B225-457D-AB40-C9BD0CC8838C}.Debug.Build.0 = Debug|Win32
		{435BAC9A-B225-457D-AB40-C9BD0CC8838C}.Debug_Dedicated.ActiveCfg = Debug|Win32
		{435BAC9A-B225-457D-AB40-C9BD0CC8838C}.Debug_Dedicated.Build.0 = Debug|Win32
		{435BAC9A-B225-457D-AB40-C9BD0CC8838C}.DebugNoExceptions.ActiveCfg = Debug|Win32
		{435BAC9A-B225-457D-AB40-C9BD0CC8838C}.Mixed.ActiveCfg = Mixed|Win32
		{435BAC9A-B225-457D-AB40-C9BD0CC8838C}.Mixed.Build.0 = Mixed|Win32
		{435BAC9A-B225-457D-AB40-C9BD0CC8838C}.Mixed_Dedicated.ActiveCfg = Mixed|Win32
		{435BAC9A-B225-457D-AB40-C9BD0CC8838C}.Mixed_Dedicated.Build.0 = Mixed|Win32
		{435BAC9A-B225-457D-AB40-C9BD0CC8838C}.Release.ActiveCfg = Release|Win32
		{435BAC9A-B225-457D-AB40-C9BD0CC8838C}.Release.Build.0 = Release|Win32
		{435BAC9A-B225-457D-AB40-C9BD0CC8838C}.Release_Dedicated.ActiveCfg = Release|Win32
		{435BAC9A-B225-457D-AB40-C9BD0CC8838C}.Release_Dedicated.Build.0 = Release|Win32
		{3AD26FD3-4F52-4E22-A4CF-AD4C49E74C61}.Debug.ActiveCfg = Debug|Win32
		{3AD26FD3-4F52-4E22-A4CF-AD4C49E74C61}.Debug.Build.0 = Debug|Win32
		{3AD26FD3-4F52-4E22-A4CF-AD4C49E74C61}.Debug_Dedicated.ActiveCfg = Debug|Win32
		{3AD26FD3-4F52-4E22-A4CF-AD4C49E74C61}.Debug_Dedicated.Build.0 = Debug|Win32
		{3AD26FD3-4F52-4E22-A4CF-AD4C49E74C61}.DebugNoExceptions.ActiveCfg = Debug|Win32
		{3AD26FD3-4F52-4E22-A4CF-AD4C49E74C61}.Mixed.ActiveCfg = Mixed|Win32
		{3AD26FD3-4F52-4E22-A4CF-AD4C49E74C61}.Mixed.Build.0 = Mixed|Win32
		{3AD26FD3-4F52-4E22-A4CF-AD4C49E74C61}.Mixed_Dedicated.ActiveCfg = Mixed|Win32
		{3AD26FD3-4F52-4E22-A4CF-AD4C49E74C61}.Mixed_Dedicated.Build.0 = Mixed|Win32
		{3AD26FD3-4F52-4E22-A4CF-AD4C49E74C61}.Release.ActiveCfg = Release|Win32
		{3AD26FD3-4F52-4E22-A4CF-AD4C49E74C61}.Release_Dedicated.ActiveCfg = Release|Win32
		{EF76867B-6EB8-4DC0-A1D6-E964FAD6FC7B}.Debug.ActiveCfg = Debug|Win32
		{EF76867B-6EB8-4DC0-A1D6-E964FAD6FC7B}.Debug.Build.0 = Debug|Win32
		{EF76867B-6EB8-4DC0-A1D6-E964FAD6FC7B}.Debug_Dedicated.ActiveCfg = Debug|Win32
		{EF76867B-6EB8-4DC0-A1D6-E964FAD6FC7B}.Debug_Dedicated.Build.0 = Debug|Win32
		{EF76867B-6EB8-4DC0-A1D6-E964FAD6FC7B}.DebugNoExceptions.ActiveCfg = Debug|Win32
		{EF76867B-6EB8-4DC0-A1D6-E964FAD6FC7B}.Mixed.ActiveCfg = Mixed|Win32
		{EF76867B-6EB8-4DC0-A1D6-E964FAD6FC7B}.Mixed.Build.0 = Mixed|Win32
		{EF76867B-6EB8-4DC0-A1D6-E964FAD6FC7B}.Mixed_Dedicated.ActiveCfg = Mixed|Win32
		{EF76867B-6EB8-4DC0-A1D6-E964FAD6FC7B}.Mixed_Dedicated.Build.0 = Mixed|Win32
		{EF76867B-6EB8-4DC0-A1D6-E964FAD6FC7B}.Release.ActiveCfg = Release|Win32
		{EF76867B-6EB8-4DC0-A1D6-E964FAD6FC7B}.Release.Build.0 = Release|Win32
		{EF76867B-6EB8-4DC0-A1D6-E964FAD6FC7B}.Release_Dedicated.ActiveCfg = Release|Win32
		{EF76867B-6EB8-4DC0-A1D6-E964FAD6FC7B}.Release_Dedicated.Build.0 = Release|Win32
		{EBF9B543-0830-4866-9B48-DC0740E87E8A}.Debug.ActiveCfg = Debug|Win32
		{EBF9B543-0830-4866-9B48-DC0740E87E8A}.Debug.Build.0 = Debug|Win32
		{EBF9B543-0830-4866-9B48-DC0740E87E8A}.Debug_Dedicated.ActiveCfg = Debug|Win32
		{EBF9B543-0830-4866-9B48-DC0740E87E8A}.DebugNoExceptions.ActiveCfg = Debug|Win32
		{EBF9B543-0830-4866-9B48-DC0740E87E8A}.DebugNoExceptions.Build.0 = Debug|Win32
		{EBF9B543-0830-4866-9B48-DC0740E87E8A}.Mixed.ActiveCfg = Release|Win32
		{EBF9B543-0830-4866-9B48-DC0740E87E8A}.Mixed.Build.0 = Release|Win32
		{EBF9B543-0830-4866-9B48-DC0740E87E8A}.Mixed_Dedicated.ActiveCfg = Release|Win32
		{EBF9B543-0830-4866-9B48-DC0740E87E8A}.Mixed_Dedicated.Build.0 = Release|Win32
		{EBF9B543-0830-4866-9B48-DC0740E87E8A}.Release.ActiveCfg = Release|Win32
		{EBF9B543-0830-4866-9B48-DC0740E87E8A}.Release.Build.0 = Release|Win32
		{EBF9B543-0830-4866-9B48-DC0740E87E8A}.Release_Dedicated.ActiveCfg = Release|Win32
		{EBF9B543-0830-4866-9B48-DC0740E87E8A}.Release_Dedicated.Build.0 = Release|Win32
		{90F938A1-176A-4379-A3D1-DD516E8A6DC1}.Debug.ActiveCfg = Debug|Win32
		{90F938A1-176A-4379-A3D1-DD516E8A6DC1}.Debug_Dedicated.ActiveCfg = Debug|Win32
		{90F938A1-176A-4379-A3D1-DD516E8A6DC1}.DebugNoExceptions.ActiveCfg = Debug|Win32
		{90F938A1-176A-4379-A3D1-DD516E8A6DC1}.Mixed.ActiveCfg = Release|Win32
		{90F938A1-176A-4379-A3D1-DD516E8A6DC1}.Mixed_Dedicated.ActiveCfg = Release|Win32
		{90F938A1-176A-4379-A3D1-DD516E8A6DC1}.Release.ActiveCfg = Release|Win32
		{90F938A1-176A-4379-A3D1-DD516E8A6DC1}.Release_Dedicated.ActiveCfg = Release|Win32
		{A4ABD75E-825B-4D09-B3B2-2709682E40C8}.Debug.ActiveCfg = Debug|Win32
		{A4ABD75E-825B-4D09-B3B2-2709682E40C8}.Debug.Build.0 = Debug|Win32
		{A4ABD75E-825B-4D09-B3B2-2709682E40C8}.Debug_Dedicated.ActiveCfg = Debug|Win32
		{A4ABD75E-825B-4D09-B3B2-2709682E40C8}.Debug_Dedicated.Build.0 = Debug|Win32
		{A4ABD75E-825B-4D09-B3B2-2709682E40C8}.DebugNoExceptions.ActiveCfg = Debug|Win32
		{A4ABD75E-825B-4D09-B3B2-2709682E40C8}.DebugNoExceptions.Build.0 = Debug|Win32
		{A4ABD75E-825B-4D09-B3B2-2709682E40C8}.Mixed.ActiveCfg = Mixed|Win32
		{A4ABD75E-825B-4D09-B3B2-2709682E40C8}.Mixed.Build.0 = Mixed|Win32
		{A4ABD75E-825B-4D09-B3B2-2709682E40C8}.Mixed_Dedicated.ActiveCfg = Mixed|Win32
		{A4ABD75E-825B-4D09-B3B2-2709682E40C8}.Mixed_Dedicated.Build.0 = Mixed|Win32
		{A4ABD75E-825B-4D09-B3B2-2709682E40C8}.Release.ActiveCfg = Release|Win32
		{A4ABD75E-825B-4D09-B3B2-2709682E40C8}.Release_Dedicated.ActiveCfg = Release|Win32
		{F1836CE2-59EF-4189-8B9C-D103A511CB27}.Debug.ActiveCfg = Debug|Win32
		{F1836CE2-59EF-4189-8B9C-D103A511CB27}.Debug.Build.0 = Debug|Win32
		{F1836CE2-59EF-4189-8B9C-D103A511CB27}.Debug_Dedicated.ActiveCfg = Debug|Win32
		{F1836CE2-59EF-4189-8B9C-D103A511CB27}.Debug_Dedicated.Build.0 = Debug|Win32
		{F1836CE2-59EF-4189-8B9C-D103A511CB27}.DebugNoExceptions.ActiveCfg = Debug|Win32
		{F1836CE2-59EF-4189-8B9C-D103A511CB27}.DebugNoExceptions.Build.0 = Debug|Win32
		{F1836CE2-59EF-4189-8B9C-D103A511CB27}.Mixed.ActiveCfg = Mixed|Win32
		{F1836CE2-59EF-4189-8B9C-D103A511CB27}.Mixed.Build.0 = Mixed|Win32
		{F1836CE2-59EF-4189-8B9C-D103A511CB27}.Mixed_Dedicated.ActiveCfg = Mixed|Win32
		{F1836CE2-59EF-4189-8B9C-D103A511CB27}.Mixed_Dedicated.Build.0 = Mixed|Win32
		{F1836CE2-59EF-4189-8B9C-D103A511CB27}.Release.ActiveCfg = Release|Win32
		{F1836CE2-59EF-4189-8B9C-D103A511CB27}.Release.Build.0 = Release|Win32
		{F1836CE2-59EF-4189-8B9C-D103A511CB27}.Release_Dedicated.ActiveCfg = Release|Win32
		{F1836CE2-59EF-4189-8B9C-D103A511CB27}.Release_Dedicated.Build.0 = Release|Win32
		{B730F54D-1199-481A-AAD0-5DB684E067C0}.Debug.ActiveCfg = Debug|Win32
		{B730F54D-1199-481A-AAD0-5DB684E067C0}.Debug.Build.0 = Debug|Win32
		{B730F54D-1199-481A-AAD0-5DB684E067C0}.Debug_Dedicated.ActiveCfg = Debug|Win32
		{B730F54D-1199-481A-AAD0-5DB684E067C0}.Debug_Dedicated.Build.0 = Debug|Win32
		{B730F54D-1199-481A-AAD0-5DB684E067C0}.DebugNoExceptions.ActiveCfg = Debug|Win32
		{B730F54D-1199-481A-AAD0-5DB684E067C0}.DebugNoExceptions.Build.0 = Debug|Win32
		{B730F54D-1199-481A-AAD0-5DB684E067C0}.Mixed.ActiveCfg = Mixed|Win32
		{B730F54D-1199-481A-AAD0-5DB684E067C0}.Mixed.Build.0 = Mixed|Win32
		{B730F54D-1199-481A-AAD0-5DB684E067C0}.Mixed_Dedicated.ActiveCfg = Mixed|Win32
		{B730F54D-1199-481A-AAD0-5DB684E067C0}.Mixed_Dedicated.Build.0 = Mixed|Win32
		{B730F54D-1199-481A-AAD0-5DB684E067C0}.Release.ActiveCfg = Release|Win32
		{B730F54D-1199-481A-AAD0-5DB684E067C0}.Release.Build.0 = Release|Win32
		{B730F54D-1199-481A-AAD0-5DB684E067C0}.Release_Dedicated.ActiveCfg = Release|Win32
		{B730F54D-1199-481A-AAD0-5DB684E067C0}.Release_Dedicated.Build.0 = Release|Win32
		{EA5932F3-02FE-4AD3-89E8-7072DC465D25}.Debug.ActiveCfg = Debug|Win32
		{EA5932F3-02FE-4AD3-89E8-7072DC465D25}.Debug.Build.0 = Debug|Win32
		{EA5932F3-02FE-4AD3-89E8-7072DC465D25}.Debug_Dedicated.ActiveCfg = Debug|Win32
		{EA5932F3-02FE-4AD3-89E8-7072DC465D25}.Debug_Dedicated.Build.0 = Debug|Win32
		{EA5932F3-02FE-4AD3-89E8-7072DC465D25}.DebugNoExceptions.ActiveCfg = Debug|Win32
		{EA5932F3-02FE-4AD3-89E8-7072DC465D25}.DebugNoExceptions.Build.0 = Debug|Win32
		{EA5932F3-02FE-4AD3-89E8-7072DC465D25}.Mixed.ActiveCfg = Mixed|Win32
		{EA5932F3-02FE-4AD3-89E8-7072DC465D25}.Mixed.Build.0 = Mixed|Win32
		{EA5932F3-02FE-4AD3-89E8-7072DC465D25}.Mixed_Dedicated.ActiveCfg = Mixed|Win32
		{EA5932F3-02FE-4AD3-89E8-7072DC465D25}.Mixed_Dedicated.Build.0 = Mixed|Win32
		{EA5932F3-02FE-4AD3-89E8-7072DC465D25}.Release.ActiveCfg = Release|Win32
		{EA5932F3-02FE-4AD3-89E8-7072DC465D25}.Release_Dedicated.ActiveCfg = Release|Win32
		{65CBB9D0-FBC6-41A4-8316-F5E9B5D7FB33}.Debug.ActiveCfg = Debug|Win32
		{65CBB9D0-FBC6-41A4-8316-F5E9B5D7FB33}.Debug.Build.0 = Debug|Win32
		{65CBB9D0-FBC6-41A4-8316-F5E9B5D7FB33}.Debug_Dedicated.ActiveCfg = Debug|Win32
		{65CBB9D0-FBC6-41A4-8316-F5E9B5D7FB33}.Debug_Dedicated.Build.0 = Debug|Win32
		{65CBB9D0-FBC6-41A4-8316-F5E9B5D7FB33}.DebugNoExceptions.ActiveCfg = Debug|Win32
		{65CBB9D0-FBC6-41A4-8316-F5E9B5D7FB33}.DebugNoExceptions.Build.0 = Debug|Win32
		{65CBB9D0-FBC6-41A4-8316-F5E9B5D7FB33}.Mixed.ActiveCfg = Mixed|Win32
		{65CBB9D0-FBC6-41A4-8316-F5E9B5D7FB33}.Mixed.Build.0 = Mixed|Win32
		{65CBB9D0-FBC6-41A4-8316-F5E9B5D7FB33}.Mixed_Dedicated.ActiveCfg = Mixed|Win32
		{65CBB9D0-FBC6-41A4-8316-F5E9B5D7FB33}.Mixed_Dedicated.Build.0 = Mixed|Win32
		{65CBB9D0-FBC6-41A4-8316-F5E9B5D7FB33}.Release.ActiveCfg = Release|Win32
		{65CBB9D0-FBC6-41A4-8316-F5E9B5D7FB33}.Release.Build.0 = Release|Win32
		{65CBB9D0-FBC6-41A4-8316-F5E9B5D7FB33}.Release_Dedicated.ActiveCfg = Release|Win32
		{65CBB9D0-FBC6-41A4-8316-F5E9B5D7FB33}.Release_Dedicated.Build.0 = Release|Win32
		{0899B131-F1D4-4876-9BA1-67AC821DB9E1}.Debug.ActiveCfg = Debug|Win32
		{0899B131-F1D4-4876-9BA1-67AC821DB9E1}.Debug.Build.0 = Debug|Win32
		{0899B131-F1D4-4876-9BA1-67AC821DB9E1}.Debug_Dedicated.ActiveCfg = Debug|Win32
		{0899B131-F1D4-4876-9BA1-67AC821DB9E1}.Debug_Dedicated.Build.0 = Debug|Win32
		{0899B131-F1D4-4876-9BA1-67AC821DB9E1}.DebugNoExceptions.ActiveCfg = Debug|Win32
		{0899B131-F1D4-4876-9BA1-67AC821DB9E1}.DebugNoExceptions.Build.0 = Debug|Win32
		{0899B131-F1D4-4876-9BA1-67AC821DB9E1}.Mixed.ActiveCfg = Release|Win32
		{0899B131-F1D4-4876-9BA1-67AC821DB9E1}.Mixed.Build.0 = Release|Win32
		{0899B131-F1D4-4876-9BA1-67AC821DB9E1}.Mixed_Dedicated.ActiveCfg = Release|Win32
		{0899B131-F1D4-4876-9BA1-67AC821DB9E1}.Mixed_Dedicated.Build.0 = Release|Win32
		{0899B131-F1D4-4876-9BA1-67AC821DB9E1}.Release.ActiveCfg = Release|Win32
		{0899B131-F1D4-4876-9BA1-67AC821DB9E1}.Release.Build.0 = Release|Win32
		{0899B131-F1D4-4876-9BA1-67AC821DB9E1}.Release_Dedicated.ActiveCfg = Release|Win32
		{0899B131-F1D4-4876-9BA1-67AC821DB9E1}.Release_Dedicated.Build.0 = Release|Win32
		{5535F6B4-7AE6-4B66-8AEA-CC31C14D7AB7}.Debug.ActiveCfg = Debug|Win32
		{5535F6B4-7AE6-4B66-8AEA-CC31C14D7AB7}.Debug.Build.0 = Debug|Win32
		{5535F6B4-7AE6-4B66-8AEA-CC31C14D7AB7}.Debug_Dedicated.ActiveCfg = Debug|Win32
		{5535F6B4-7AE6-4B66-8AEA-CC31C14D7AB7}.Debug_Dedicated.Build.0 = Debug|Win32
		{5535F6B4-7AE6-4B66-8AEA-CC31C14D7AB7}.DebugNoExceptions.ActiveCfg = Debug|Win32
		{5535F6B4-7AE6-4B66-8AEA-CC31C14D7AB7}.DebugNoExceptions.Build.0 = Debug|Win32
		{5535F6B4-7AE6-4B66-8AEA-CC31C14D7AB7}.Mixed.ActiveCfg = Release|Win32
		{5535F6B4-7AE6-4B66-8AEA-CC31C14D7AB7}.Mixed.Build.0 = Release|Win32
		{5535F6B4-7AE6-4B66-8AEA-CC31C14D7AB7}.Mixed_Dedicated.ActiveCfg = Release|Win32
		{5535F6B4-7AE6-4B66-8AEA-CC31C14D7AB7}.Mixed_Dedicated.Build.0 = Release|Win32
		{5535F6B4-7AE6-4B66-8AEA-CC31C14D7AB7}.Release.ActiveCfg = Release|Win32
		{5535F6B4-7AE6-4B66-8AEA-CC31C14D7AB7}.Release.Build.0 = Release|Win32
		{5535F6B4-7AE6-4B66-8AEA-CC31C14D7AB7}.Release_Dedicated.ActiveCfg = Release|Win32
		{5535F6B4-7AE6-4B66-8AEA-CC31C14D7AB7}.Release_Dedicated.Build.0 = Release|Win32
		{9ACE5473-6D68-4B96-AC42-B39EABA0FE1F}.Debug.ActiveCfg = Debug|Win32
		{9ACE5473-6D68-4B96-AC42-B39EABA0FE1F}.Debug.Build.0 = Debug|Win32
		{9ACE5473-6D68-4B96-AC42-B39EABA0FE1F}.Debug_Dedicated.ActiveCfg = Debug|Win32
		{9ACE5473-6D68-4B96-AC42-B39EABA0FE1F}.Debug_Dedicated.Build.0 = Debug|Win32
		{9ACE5473-6D68-4B96-AC42-B39EABA0FE1F}.DebugNoExceptions.ActiveCfg = Debug|Win32
		{9ACE5473-6D68-4B96-AC42-B39EABA0FE1F}.DebugNoExceptions.Build.0 = Debug|Win32
		{9ACE5473-6D68-4B96-AC42-B39EABA0FE1F}.Mixed.ActiveCfg = Mixed|Win32
		{9ACE5473-6D68-4B96-AC42-B39EABA0FE1F}.Mixed.Build.0 = Mixed|Win32
		{9ACE5473-6D68-4B96-AC42-B39EABA0FE1F}.Mixed_Dedicated.ActiveCfg = Mixed|Win32
		{9ACE5473-6D68-4B96-AC42-B39EABA0FE1F}.Mixed_Dedicated.Build.0 = Mixed|Win32
		{9ACE5473-6D68-4B96-AC42-B39EABA0FE1F}.Release.ActiveCfg = Release|Win32
		{9ACE5473-6D68-4B96-AC42-B39EABA0FE1F}.Release.Build.0 = Release|Win32
		{9ACE5473-6D68-4B96-AC42-B39EABA0FE1F}.Release_Dedicated.ActiveCfg = Release|Win32
		{9ACE5473-6D68-4B96-AC42-B39EABA0FE1F}.Release_Dedicated.Build.0 = Release|Win32
		{AF9ACB0D-451A-4878-A04C-0B9E221CC705}.Debug.ActiveCfg = Debug|Win32
		{AF9ACB0D-451A-4878-A04C-0B9E221CC705}.Debug.Build.0 = Debug|Win32
		{AF9ACB0D-451A-4878-A04C-0B9E221CC705}.Debug_Dedicated.ActiveCfg = Debug|Win32
		{AF9ACB0D-451A-4878-A04C-0B9E221CC705}.Debug_Dedicated.Build.0 = Debug|Win32
		{AF9ACB0D-451A-4878-A04C-0B9E221CC705}.DebugNoExceptions.ActiveCfg = Debug|Win32
		{AF9ACB0D-451A-4878-A04C-0B9E221CC705}.DebugNoExceptions.Build.0 = Debug|Win32
		{AF9ACB0D-451A-4878-A04C-0B9E221CC705}.Mixed.ActiveCfg = Release|Win32
		{AF9ACB0D-451A-4878-A04C-0B9E221CC705}.Mixed.Build.0 = Release|Win32
		{AF9ACB0D-451A-4878-A04C-0B9E221CC705}.Mixed_Dedicated.ActiveCfg = Release|Win32
		{AF9ACB0D-451A-4878-A04C-0B9E221CC705}.Mixed_Dedicated.Build.0 = Release|Win32
		{AF9ACB0D-451A-4878-A04C-0B9E221CC705}.Release.ActiveCfg = Release|Win32
		{AF9ACB0D-451A-4878-A04C-0B9E221CC705}.Release.Build.0 = Release|Win32
		{AF9ACB0D-451A-4878-A04C-0B9E221CC705}.Release_Dedicated.ActiveCfg = Release|Win32
		{AF9ACB0D-451A-4878-A04C-0B9E221CC705}.Release_Dedicated.Build.0 = Release|Win32
		{2EA2CBBA-16BD-4B97-80B3-3F824CFBD4F1}.Debug.ActiveCfg = Debug|Win32
		{2EA2CBBA-16BD-4B97-80B3-3F824CFBD4F1}.Debug.Build.0 = Debug|Win32
		{2EA2CBBA-16BD-4B97-80B3-3F824CFBD4F1}.Debug_Dedicated.ActiveCfg = Debug|Win32
		{2EA2CBBA-16BD-4B97-80B3-3F824CFBD4F1}.Debug_Dedicated.Build.0 = Debug|Win32
		{2EA2CBBA-16BD-4B97-80B3-3F824CFBD4F1}.DebugNoExceptions.ActiveCfg = Debug|Win32
		{2EA2CBBA-16BD-4B97-80B3-3F824CFBD4F1}.DebugNoExceptions.Build.0 = Debug|Win32
		{2EA2CBBA-16BD-4B97-80B3-3F824CFBD4F1}.Mixed.ActiveCfg = Release|Win32
		{2EA2CBBA-16BD-4B97-80B3-3F824CFBD4F1}.Mixed.Build.0 = Release|Win32
		{2EA2CBBA-16BD-4B97-80B3-3F824CFBD4F1}.Mixed_Dedicated.ActiveCfg = Release|Win32
		{2EA2CBBA-16BD-4B97-80B3-3F824CFBD4F1}.Mixed_Dedicated.Build.0 = Release|Win32
		{2EA2CBBA-16BD-4B97-80B3-3F824CFBD4F1}.Release.ActiveCfg = Release|Win32
		{2EA2CBBA-16BD-4B97-80B3-3F824CFBD4F1}.Release.Build.0 = Release|Win32
		{2EA2CBBA-16BD-4B97-80B3-3F824CFBD4F1}.Release_Dedicated.ActiveCfg = Release|Win32
		{2EA2CBBA-16BD-4B97-80B3-3F824CFBD4F1}.Release_Dedicated.Build.0 = Release|Win32
	EndGlobalSection
	GlobalSection(SolutionItems) = postSolution
	EndGlobalSection
	GlobalSection(ExtensibilityGlobals) = postSolution
	EndGlobalSection
	GlobalSection(ExtensibilityAddIns) = postSolution
	EndGlobalSection
	GlobalSection(DPCodeReviewSolutionGUID) = preSolution
		DPCodeReviewSolutionGUID = {00000000-0000-0000-0000-000000000000}
	EndGlobalSection
EndGlobal
