Microsoft Visual Studio Solution File, Format Version 8.00
Project("{8BC9CEB8-8B4A-11D0-8D11-00A0C91BC942}") = "Maya_Export_45", "Maya\Maya_Export45.vcproj", "{B0ED3CE1-1417-46EF-AE39-59BCFF67268B}"
	ProjectSection(ProjectDependencies) = postProject
		{A0F7D1FB-59A7-4717-A7E4-96F37E91998E} = {A0F7D1FB-59A7-4717-A7E4-96F37E91998E}
	EndProjectSection
EndProject
Project("{8BC9CEB8-8B4A-11D0-8D11-00A0C91BC942}") = "Maya_Export_50", "Maya\Maya_Export50.vcproj", "{B0ED3CE1-1417-46EF-AE39-59BCFF672650}"
	ProjectSection(ProjectDependencies) = postProject
		{A0F7D1FB-59A7-4717-A7E4-96F37E91998E} = {A0F7D1FB-59A7-4717-A7E4-96F37E91998E}
	EndProjectSection
EndProject
Project("{8BC9CEB8-8B4A-11D0-8D11-00A0C91BC942}") = "Maya_Export_60", "Maya\Maya_Export601.vcproj", "{B0ED3CE1-1417-46EF-AE39-59BCFF672660}"
	ProjectSection(ProjectDependencies) = postProject
		{A0F7D1FB-59A7-4717-A7E4-96F37E91998E} = {A0F7D1FB-59A7-4717-A7E4-96F37E91998E}
	EndProjectSection
EndProject
Project("{8BC9CEB8-8B4A-11D0-8D11-00A0C91BC942}") = "Maya_Export_70", "Maya\Maya_Export70.vcproj", "{B0ED3CE1-1417-46EF-AE39-59BCFF672670}"
	ProjectSection(ProjectDependencies) = postProject
		{A0F7D1FB-59A7-4717-A7E4-96F37E91998E} = {A0F7D1FB-59A7-4717-A7E4-96F37E91998E}
	EndProjectSection
EndProject
Project("{8BC9CEB8-8B4A-11D0-8D11-00A0C91BC942}") = "Maya_Material_45", "Maya\Maya_Material45.vcproj", "{B0ED3CE1-1417-46EF-AE39-59BCFF672045}"
	ProjectSection(ProjectDependencies) = postProject
		{A0F7D1FB-59A7-4717-A7E4-96F37E91998E} = {A0F7D1FB-59A7-4717-A7E4-96F37E91998E}
	EndProjectSection
EndProject
Project("{8BC9CEB8-8B4A-11D0-8D11-00A0C91BC942}") = "Maya_Material_50", "Maya\Maya_Material50.vcproj", "{B0ED3CE1-1417-46EF-AE39-59BCFF672050}"
	ProjectSection(ProjectDependencies) = postProject
		{A0F7D1FB-59A7-4717-A7E4-96F37E91998E} = {A0F7D1FB-59A7-4717-A7E4-96F37E91998E}
	EndProjectSection
EndProject
Project("{8BC9CEB8-8B4A-11D0-8D11-00A0C91BC942}") = "Maya_Material_60", "Maya\Maya_Material601.vcproj", "{B0ED3CE1-1417-46EF-AE39-59BCFF672060}"
	ProjectSection(ProjectDependencies) = postProject
		{A0F7D1FB-59A7-4717-A7E4-96F37E91998E} = {A0F7D1FB-59A7-4717-A7E4-96F37E91998E}
	EndProjectSection
EndProject
Project("{8BC9CEB8-8B4A-11D0-8D11-00A0C91BC942}") = "Maya_Material_70", "Maya\Maya_Material70.vcproj", "{B0ED3CE1-1417-46EF-AE39-59BCFF672070}"
	ProjectSection(ProjectDependencies) = postProject
		{A0F7D1FB-59A7-4717-A7E4-96F37E91998E} = {A0F7D1FB-59A7-4717-A7E4-96F37E91998E}
	EndProjectSection
EndProject
Project("{8BC9CEB8-8B4A-11D0-8D11-00A0C91BC942}") = "LW_Shader_70", "lw\LW_Shader70.vcproj", "{39EE310B-4F1D-4716-A39F-4AB844DB3670}"
	ProjectSection(ProjectDependencies) = postProject
		{A0F7D1FB-59A7-4717-A7E4-96F37E91998E} = {A0F7D1FB-59A7-4717-A7E4-96F37E91998E}
	EndProjectSection
EndProject
Project("{8BC9CEB8-8B4A-11D0-8D11-00A0C91BC942}") = "LW_Server", "lw\LW_Server.vcproj", "{6BA3121A-ACBC-4685-9246-4549CA1EFFFD}"
	ProjectSection(ProjectDependencies) = postProject
	EndProjectSection
EndProject
Project("{8BC9CEB8-8B4A-11D0-8D11-00A0C91BC942}") = "LW_Shader_80", "lw\LW_Shader80.vcproj", "{39EE310B-4F1D-4716-A39F-4AB844DB3680}"
	ProjectSection(ProjectDependencies) = postProject
		{A0F7D1FB-59A7-4717-A7E4-96F37E91998E} = {A0F7D1FB-59A7-4717-A7E4-96F37E91998E}
	EndProjectSection
EndProject
Project("{8BC9CEB8-8B4A-11D0-8D11-00A0C91BC942}") = "LW_Export_70", "lw\LW_Export70.vcproj", "{F573DE85-0866-4775-955F-6C3241D2AE70}"
	ProjectSection(ProjectDependencies) = postProject
		{A0F7D1FB-59A7-4717-A7E4-96F37E91998E} = {A0F7D1FB-59A7-4717-A7E4-96F37E91998E}
	EndProjectSection
EndProject
Project("{8BC9CEB8-8B4A-11D0-8D11-00A0C91BC942}") = "LW_Export_80", "lw\LW_Export80.vcproj", "{F573DE85-0866-4775-955F-6C3241D2AE80}"
	ProjectSection(ProjectDependencies) = postProject
		{A0F7D1FB-59A7-4717-A7E4-96F37E91998E} = {A0F7D1FB-59A7-4717-A7E4-96F37E91998E}
	EndProjectSection
EndProject
Project("{8BC9CEB8-8B4A-11D0-8D11-00A0C91BC942}") = "LW_Export_75", "lw\LW_Export75.vcproj", "{F573DE85-0866-4775-955F-6C3241D2AE75}"
	ProjectSection(ProjectDependencies) = postProject
		{A0F7D1FB-59A7-4717-A7E4-96F37E91998E} = {A0F7D1FB-59A7-4717-A7E4-96F37E91998E}
	EndProjectSection
EndProject
Project("{8BC9CEB8-8B4A-11D0-8D11-00A0C91BC942}") = "LW_Shader_75", "lw\LW_Shader75.vcproj", "{39EE310B-4F1D-4716-A39F-4AB844DB3675}"
	ProjectSection(ProjectDependencies) = postProject
		{A0F7D1FB-59A7-4717-A7E4-96F37E91998E} = {A0F7D1FB-59A7-4717-A7E4-96F37E91998E}
	EndProjectSection
EndProject
Project("{8BC9CEB8-8B4A-11D0-8D11-00A0C91BC942}") = "Max_Export_60", "Max\MAX_Export60.vcproj", "{93AD3B7E-71DE-4FA2-90E7-A79782ED4960}"
	ProjectSection(ProjectDependencies) = postProject
		{A0F7D1FB-59A7-4717-A7E4-96F37E91998E} = {A0F7D1FB-59A7-4717-A7E4-96F37E91998E}
	EndProjectSection
EndProject
Project("{8BC9CEB8-8B4A-11D0-8D11-00A0C91BC942}") = "Max_Material_60", "Max\MAX_Material60.vcproj", "{56AD8F54-F89E-4B5A-93F8-8A617BFD1160}"
	ProjectSection(ProjectDependencies) = postProject
		{A0F7D1FB-59A7-4717-A7E4-96F37E91998E} = {A0F7D1FB-59A7-4717-A7E4-96F37E91998E}
	EndProjectSection
EndProject
Project("{8BC9CEB8-8B4A-11D0-8D11-00A0C91BC942}") = "xrCoreStatic", "xrCore\xrCoreStatic.vcproj", "{A0F7D1FB-59A7-4717-A7E4-96F37E91998E}"
	ProjectSection(ProjectDependencies) = postProject
	EndProjectSection
EndProject
Project("{8BC9CEB8-8B4A-11D0-8D11-00A0C91BC942}") = "Maya_Export_80", "Maya\Maya_Export80.vcproj", "{B0ED3CE2-1417-46EF-AE39-59BCFF672670}"
	ProjectSection(ProjectDependencies) = postProject
	EndProjectSection
EndProject
Project("{8BC9CEB8-8B4A-11D0-8D11-00A0C91BC942}") = "Maya_Material_80", "Maya\Maya_Material80.vcproj", "{B0ED3CE2-1417-46EF-AE39-59BCFF672070}"
	ProjectSection(ProjectDependencies) = postProject
	EndProjectSection
EndProject
Global
	GlobalSection(SourceCodeControl) = preSolution
		SccNumberOfProjects = 21
		SccLocalPath0 = .
		CanCheckoutShared = true
		SolutionUniqueID = {45B6111F-5675-49F6-AE2C-E9EF1814B22E}
		SccProjectUniqueName1 = Maya\\Maya_Export45.vcproj
		SccProjectName1 = \u0022$/xrPlugins/Maya\u0022,\u0020XSFBAAAA
		SccLocalPath1 = Maya
		CanCheckoutShared = true
		SccProjectUniqueName2 = Maya\\Maya_Export50.vcproj
		SccProjectName2 = \u0022$/xrPlugins/Maya\u0022,\u0020XSFBAAAA
		SccLocalPath2 = Maya
		CanCheckoutShared = true
		SccProjectUniqueName3 = Maya\\Maya_Export601.vcproj
		SccProjectName3 = \u0022$/xrPlugins/Maya\u0022,\u0020XSFBAAAA
		SccLocalPath3 = Maya
		CanCheckoutShared = true
		SccProjectUniqueName4 = Maya\\Maya_Export70.vcproj
		SccProjectName4 = \u0022$/xrPlugins/Maya\u0022,\u0020XSFBAAAA
		SccLocalPath4 = Maya
		CanCheckoutShared = true
		SccProjectUniqueName5 = Maya\\Maya_Material45.vcproj
		SccProjectName5 = \u0022$/xrPlugins/Maya\u0022,\u0020XSFBAAAA
		SccLocalPath5 = Maya
		CanCheckoutShared = true
		SccProjectUniqueName6 = Maya\\Maya_Material50.vcproj
		SccProjectName6 = \u0022$/xrPlugins/Maya\u0022,\u0020XSFBAAAA
		SccLocalPath6 = Maya
		CanCheckoutShared = true
		SccProjectUniqueName7 = Maya\\Maya_Material601.vcproj
		SccProjectName7 = \u0022$/xrPlugins/Maya\u0022,\u0020XSFBAAAA
		SccLocalPath7 = Maya
		CanCheckoutShared = true
		SccProjectUniqueName8 = Maya\\Maya_Material70.vcproj
		SccProjectName8 = \u0022$/xrPlugins/Maya\u0022,\u0020XSFBAAAA
		SccLocalPath8 = Maya
		CanCheckoutShared = true
		SccProjectUniqueName9 = lw\\LW_Shader70.vcproj
		SccProjectName9 = \u0022$/xrPlugins/lw\u0022,\u0020OSFBAAAA
		SccLocalPath9 = lw
		CanCheckoutShared = true
		SccProjectUniqueName10 = lw\\LW_Server.vcproj
		SccProjectName10 = \u0022$/xrPlugins/lw\u0022,\u0020OSFBAAAA
		SccLocalPath10 = lw
		CanCheckoutShared = true
		SccProjectUniqueName11 = lw\\LW_Shader80.vcproj
		SccProjectName11 = \u0022$/xrPlugins/lw\u0022,\u0020OSFBAAAA
		SccLocalPath11 = lw
		CanCheckoutShared = true
		SccProjectUniqueName12 = lw\\LW_Export70.vcproj
		SccProjectName12 = \u0022$/xrPlugins/lw\u0022,\u0020OSFBAAAA
		SccLocalPath12 = lw
		CanCheckoutShared = true
		SccProjectUniqueName13 = lw\\LW_Export80.vcproj
		SccProjectName13 = \u0022$/xrPlugins/lw\u0022,\u0020OSFBAAAA
		SccLocalPath13 = lw
		CanCheckoutShared = true
		SccProjectUniqueName14 = lw\\LW_Export75.vcproj
		SccProjectName14 = \u0022$/xrPlugins/lw\u0022,\u0020OSFBAAAA
		SccLocalPath14 = lw
		CanCheckoutShared = true
		SccProjectUniqueName15 = lw\\LW_Shader75.vcproj
		SccProjectName15 = \u0022$/xrPlugins/lw\u0022,\u0020OSFBAAAA
		SccLocalPath15 = lw
		CanCheckoutShared = true
		SccProjectUniqueName16 = Max\\MAX_Export60.vcproj
		SccLocalPath16 = .
		CanCheckoutShared = true
		SccProjectFilePathRelativizedFromConnection16 = Max\\
		SccProjectUniqueName17 = Max\\MAX_Material60.vcproj
		SccLocalPath17 = .
		CanCheckoutShared = true
		SccProjectFilePathRelativizedFromConnection17 = Max\\
		SccProjectUniqueName18 = xrCore\\xrCoreStatic.vcproj
		SccProjectName18 = \u0022$/xrPlugins/xrCore\u0022,\u0020UWFBAAAA
		SccLocalPath18 = xrCore
		CanCheckoutShared = true
		SccProjectUniqueName19 = Maya\\Maya_Export80.vcproj
		SccProjectName19 = \u0022$/xrPlugins/Maya\u0022,\u0020XSFBAAAA
		SccLocalPath19 = Maya
		CanCheckoutShared = true
		SccProjectUniqueName20 = Maya\\Maya_Material80.vcproj
		SccProjectName20 = \u0022$/xrPlugins/Maya\u0022,\u0020XSFBAAAA
		SccLocalPath20 = Maya
		CanCheckoutShared = true
	EndGlobalSection
	GlobalSection(SolutionConfiguration) = preSolution
		Debug = Debug
		Debug6 = Debug6
		DebugNoExceptions = DebugNoExceptions
		Mixed = Mixed
		Release = Release
		ReleaseDebug = ReleaseDebug
	EndGlobalSection
	GlobalSection(ProjectConfiguration) = postSolution
		{B0ED3CE1-1417-46EF-AE39-59BCFF67268B}.Debug.ActiveCfg = Debug|Win32
		{B0ED3CE1-1417-46EF-AE39-59BCFF67268B}.Debug.Build.0 = Debug|Win32
		{B0ED3CE1-1417-46EF-AE39-59BCFF67268B}.Debug6.ActiveCfg = Debug|Win32
		{B0ED3CE1-1417-46EF-AE39-59BCFF67268B}.DebugNoExceptions.ActiveCfg = Debug|Win32
		{B0ED3CE1-1417-46EF-AE39-59BCFF67268B}.DebugNoExceptions.Build.0 = Debug|Win32
		{B0ED3CE1-1417-46EF-AE39-59BCFF67268B}.Mixed.ActiveCfg = Release|Win32
		{B0ED3CE1-1417-46EF-AE39-59BCFF67268B}.Mixed.Build.0 = Release|Win32
		{B0ED3CE1-1417-46EF-AE39-59BCFF67268B}.Release.ActiveCfg = Release|Win32
		{B0ED3CE1-1417-46EF-AE39-59BCFF67268B}.Release.Build.0 = Release|Win32
		{B0ED3CE1-1417-46EF-AE39-59BCFF67268B}.ReleaseDebug.ActiveCfg = Release|Win32
		{B0ED3CE1-1417-46EF-AE39-59BCFF672650}.Debug.ActiveCfg = Debug|Win32
		{B0ED3CE1-1417-46EF-AE39-59BCFF672650}.Debug.Build.0 = Debug|Win32
		{B0ED3CE1-1417-46EF-AE39-59BCFF672650}.Debug6.ActiveCfg = Debug|Win32
		{B0ED3CE1-1417-46EF-AE39-59BCFF672650}.DebugNoExceptions.ActiveCfg = Debug|Win32
		{B0ED3CE1-1417-46EF-AE39-59BCFF672650}.DebugNoExceptions.Build.0 = Debug|Win32
		{B0ED3CE1-1417-46EF-AE39-59BCFF672650}.Mixed.ActiveCfg = Release|Win32
		{B0ED3CE1-1417-46EF-AE39-59BCFF672650}.Mixed.Build.0 = Release|Win32
		{B0ED3CE1-1417-46EF-AE39-59BCFF672650}.Release.ActiveCfg = Release|Win32
		{B0ED3CE1-1417-46EF-AE39-59BCFF672650}.Release.Build.0 = Release|Win32
		{B0ED3CE1-1417-46EF-AE39-59BCFF672650}.ReleaseDebug.ActiveCfg = Release|Win32
		{B0ED3CE1-1417-46EF-AE39-59BCFF672660}.Debug.ActiveCfg = Debug|Win32
		{B0ED3CE1-1417-46EF-AE39-59BCFF672660}.Debug.Build.0 = Debug|Win32
		{B0ED3CE1-1417-46EF-AE39-59BCFF672660}.Debug6.ActiveCfg = Debug|Win32
		{B0ED3CE1-1417-46EF-AE39-59BCFF672660}.DebugNoExceptions.ActiveCfg = Debug|Win32
		{B0ED3CE1-1417-46EF-AE39-59BCFF672660}.DebugNoExceptions.Build.0 = Debug|Win32
		{B0ED3CE1-1417-46EF-AE39-59BCFF672660}.Mixed.ActiveCfg = Release|Win32
		{B0ED3CE1-1417-46EF-AE39-59BCFF672660}.Mixed.Build.0 = Release|Win32
		{B0ED3CE1-1417-46EF-AE39-59BCFF672660}.Release.ActiveCfg = Release|Win32
		{B0ED3CE1-1417-46EF-AE39-59BCFF672660}.Release.Build.0 = Release|Win32
		{B0ED3CE1-1417-46EF-AE39-59BCFF672660}.ReleaseDebug.ActiveCfg = Release|Win32
		{B0ED3CE1-1417-46EF-AE39-59BCFF672670}.Debug.ActiveCfg = Debug|Win32
		{B0ED3CE1-1417-46EF-AE39-59BCFF672670}.Debug.Build.0 = Debug|Win32
		{B0ED3CE1-1417-46EF-AE39-59BCFF672670}.Debug6.ActiveCfg = Debug|Win32
		{B0ED3CE1-1417-46EF-AE39-59BCFF672670}.Debug6.Build.0 = Debug|Win32
		{B0ED3CE1-1417-46EF-AE39-59BCFF672670}.DebugNoExceptions.ActiveCfg = Debug|Win32
		{B0ED3CE1-1417-46EF-AE39-59BCFF672670}.DebugNoExceptions.Build.0 = Debug|Win32
		{B0ED3CE1-1417-46EF-AE39-59BCFF672670}.Mixed.ActiveCfg = Release|Win32
		{B0ED3CE1-1417-46EF-AE39-59BCFF672670}.Mixed.Build.0 = Release|Win32
		{B0ED3CE1-1417-46EF-AE39-59BCFF672670}.Release.ActiveCfg = Release|Win32
		{B0ED3CE1-1417-46EF-AE39-59BCFF672670}.Release.Build.0 = Release|Win32
		{B0ED3CE1-1417-46EF-AE39-59BCFF672670}.ReleaseDebug.ActiveCfg = ReleaseDebug|Win32
		{B0ED3CE1-1417-46EF-AE39-59BCFF672670}.ReleaseDebug.Build.0 = ReleaseDebug|Win32
		{B0ED3CE1-1417-46EF-AE39-59BCFF672045}.Debug.ActiveCfg = Debug|Win32
		{B0ED3CE1-1417-46EF-AE39-59BCFF672045}.Debug.Build.0 = Debug|Win32
		{B0ED3CE1-1417-46EF-AE39-59BCFF672045}.Debug6.ActiveCfg = Debug|Win32
		{B0ED3CE1-1417-46EF-AE39-59BCFF672045}.DebugNoExceptions.ActiveCfg = Debug|Win32
		{B0ED3CE1-1417-46EF-AE39-59BCFF672045}.DebugNoExceptions.Build.0 = Debug|Win32
		{B0ED3CE1-1417-46EF-AE39-59BCFF672045}.Mixed.ActiveCfg = Release|Win32
		{B0ED3CE1-1417-46EF-AE39-59BCFF672045}.Mixed.Build.0 = Release|Win32
		{B0ED3CE1-1417-46EF-AE39-59BCFF672045}.Release.ActiveCfg = Release|Win32
		{B0ED3CE1-1417-46EF-AE39-59BCFF672045}.Release.Build.0 = Release|Win32
		{B0ED3CE1-1417-46EF-AE39-59BCFF672045}.ReleaseDebug.ActiveCfg = Release|Win32
		{B0ED3CE1-1417-46EF-AE39-59BCFF672050}.Debug.ActiveCfg = Debug|Win32
		{B0ED3CE1-1417-46EF-AE39-59BCFF672050}.Debug.Build.0 = Debug|Win32
		{B0ED3CE1-1417-46EF-AE39-59BCFF672050}.Debug6.ActiveCfg = Debug|Win32
		{B0ED3CE1-1417-46EF-AE39-59BCFF672050}.DebugNoExceptions.ActiveCfg = Debug|Win32
		{B0ED3CE1-1417-46EF-AE39-59BCFF672050}.DebugNoExceptions.Build.0 = Debug|Win32
		{B0ED3CE1-1417-46EF-AE39-59BCFF672050}.Mixed.ActiveCfg = Release|Win32
		{B0ED3CE1-1417-46EF-AE39-59BCFF672050}.Mixed.Build.0 = Release|Win32
		{B0ED3CE1-1417-46EF-AE39-59BCFF672050}.Release.ActiveCfg = Release|Win32
		{B0ED3CE1-1417-46EF-AE39-59BCFF672050}.Release.Build.0 = Release|Win32
		{B0ED3CE1-1417-46EF-AE39-59BCFF672050}.ReleaseDebug.ActiveCfg = Release|Win32
		{B0ED3CE1-1417-46EF-AE39-59BCFF672060}.Debug.ActiveCfg = Debug|Win32
		{B0ED3CE1-1417-46EF-AE39-59BCFF672060}.Debug.Build.0 = Debug|Win32
		{B0ED3CE1-1417-46EF-AE39-59BCFF672060}.Debug6.ActiveCfg = Debug|Win32
		{B0ED3CE1-1417-46EF-AE39-59BCFF672060}.DebugNoExceptions.ActiveCfg = Debug|Win32
		{B0ED3CE1-1417-46EF-AE39-59BCFF672060}.DebugNoExceptions.Build.0 = Debug|Win32
		{B0ED3CE1-1417-46EF-AE39-59BCFF672060}.Mixed.ActiveCfg = Release|Win32
		{B0ED3CE1-1417-46EF-AE39-59BCFF672060}.Mixed.Build.0 = Release|Win32
		{B0ED3CE1-1417-46EF-AE39-59BCFF672060}.Release.ActiveCfg = Release|Win32
		{B0ED3CE1-1417-46EF-AE39-59BCFF672060}.Release.Build.0 = Release|Win32
		{B0ED3CE1-1417-46EF-AE39-59BCFF672060}.ReleaseDebug.ActiveCfg = Release|Win32
		{B0ED3CE1-1417-46EF-AE39-59BCFF672070}.Debug.ActiveCfg = Debug|Win32
		{B0ED3CE1-1417-46EF-AE39-59BCFF672070}.Debug.Build.0 = Debug|Win32
		{B0ED3CE1-1417-46EF-AE39-59BCFF672070}.Debug6.ActiveCfg = Debug|Win32
		{B0ED3CE1-1417-46EF-AE39-59BCFF672070}.DebugNoExceptions.ActiveCfg = Debug|Win32
		{B0ED3CE1-1417-46EF-AE39-59BCFF672070}.DebugNoExceptions.Build.0 = Debug|Win32
		{B0ED3CE1-1417-46EF-AE39-59BCFF672070}.Mixed.ActiveCfg = Release|Win32
		{B0ED3CE1-1417-46EF-AE39-59BCFF672070}.Mixed.Build.0 = Release|Win32
		{B0ED3CE1-1417-46EF-AE39-59BCFF672070}.Release.ActiveCfg = Release|Win32
		{B0ED3CE1-1417-46EF-AE39-59BCFF672070}.Release.Build.0 = Release|Win32
		{B0ED3CE1-1417-46EF-AE39-59BCFF672070}.ReleaseDebug.ActiveCfg = Release|Win32
		{39EE310B-4F1D-4716-A39F-4AB844DB3670}.Debug.ActiveCfg = Debug|Win32
		{39EE310B-4F1D-4716-A39F-4AB844DB3670}.Debug.Build.0 = Debug|Win32
		{39EE310B-4F1D-4716-A39F-4AB844DB3670}.Debug6.ActiveCfg = Debug|Win32
		{39EE310B-4F1D-4716-A39F-4AB844DB3670}.DebugNoExceptions.ActiveCfg = Debug|Win32
		{39EE310B-4F1D-4716-A39F-4AB844DB3670}.DebugNoExceptions.Build.0 = Debug|Win32
		{39EE310B-4F1D-4716-A39F-4AB844DB3670}.Mixed.ActiveCfg = Debug|Win32
		{39EE310B-4F1D-4716-A39F-4AB844DB3670}.Mixed.Build.0 = Debug|Win32
		{39EE310B-4F1D-4716-A39F-4AB844DB3670}.Release.ActiveCfg = Release|Win32
		{39EE310B-4F1D-4716-A39F-4AB844DB3670}.Release.Build.0 = Release|Win32
		{39EE310B-4F1D-4716-A39F-4AB844DB3670}.ReleaseDebug.ActiveCfg = Release|Win32
		{6BA3121A-ACBC-4685-9246-4549CA1EFFFD}.Debug.ActiveCfg = Debug|Win32
		{6BA3121A-ACBC-4685-9246-4549CA1EFFFD}.Debug.Build.0 = Debug|Win32
		{6BA3121A-ACBC-4685-9246-4549CA1EFFFD}.Debug6.ActiveCfg = Debug|Win32
		{6BA3121A-ACBC-4685-9246-4549CA1EFFFD}.DebugNoExceptions.ActiveCfg = Debug|Win32
		{6BA3121A-ACBC-4685-9246-4549CA1EFFFD}.DebugNoExceptions.Build.0 = Debug|Win32
		{6BA3121A-ACBC-4685-9246-4549CA1EFFFD}.Mixed.ActiveCfg = Debug|Win32
		{6BA3121A-ACBC-4685-9246-4549CA1EFFFD}.Mixed.Build.0 = Debug|Win32
		{6BA3121A-ACBC-4685-9246-4549CA1EFFFD}.Release.ActiveCfg = Release|Win32
		{6BA3121A-ACBC-4685-9246-4549CA1EFFFD}.Release.Build.0 = Release|Win32
		{6BA3121A-ACBC-4685-9246-4549CA1EFFFD}.ReleaseDebug.ActiveCfg = Release|Win32
		{39EE310B-4F1D-4716-A39F-4AB844DB3680}.Debug.ActiveCfg = Debug|Win32
		{39EE310B-4F1D-4716-A39F-4AB844DB3680}.Debug.Build.0 = Debug|Win32
		{39EE310B-4F1D-4716-A39F-4AB844DB3680}.Debug6.ActiveCfg = Debug|Win32
		{39EE310B-4F1D-4716-A39F-4AB844DB3680}.DebugNoExceptions.ActiveCfg = Debug|Win32
		{39EE310B-4F1D-4716-A39F-4AB844DB3680}.DebugNoExceptions.Build.0 = Debug|Win32
		{39EE310B-4F1D-4716-A39F-4AB844DB3680}.Mixed.ActiveCfg = Debug|Win32
		{39EE310B-4F1D-4716-A39F-4AB844DB3680}.Mixed.Build.0 = Debug|Win32
		{39EE310B-4F1D-4716-A39F-4AB844DB3680}.Release.ActiveCfg = Release|Win32
		{39EE310B-4F1D-4716-A39F-4AB844DB3680}.Release.Build.0 = Release|Win32
		{39EE310B-4F1D-4716-A39F-4AB844DB3680}.ReleaseDebug.ActiveCfg = Release|Win32
		{F573DE85-0866-4775-955F-6C3241D2AE70}.Debug.ActiveCfg = Debug|Win32
		{F573DE85-0866-4775-955F-6C3241D2AE70}.Debug.Build.0 = Debug|Win32
		{F573DE85-0866-4775-955F-6C3241D2AE70}.Debug6.ActiveCfg = Debug|Win32
		{F573DE85-0866-4775-955F-6C3241D2AE70}.DebugNoExceptions.ActiveCfg = Debug|Win32
		{F573DE85-0866-4775-955F-6C3241D2AE70}.DebugNoExceptions.Build.0 = Debug|Win32
		{F573DE85-0866-4775-955F-6C3241D2AE70}.Mixed.ActiveCfg = Debug|Win32
		{F573DE85-0866-4775-955F-6C3241D2AE70}.Mixed.Build.0 = Debug|Win32
		{F573DE85-0866-4775-955F-6C3241D2AE70}.Release.ActiveCfg = Release|Win32
		{F573DE85-0866-4775-955F-6C3241D2AE70}.Release.Build.0 = Release|Win32
		{F573DE85-0866-4775-955F-6C3241D2AE70}.ReleaseDebug.ActiveCfg = Release|Win32
		{F573DE85-0866-4775-955F-6C3241D2AE80}.Debug.ActiveCfg = Debug|Win32
		{F573DE85-0866-4775-955F-6C3241D2AE80}.Debug.Build.0 = Debug|Win32
		{F573DE85-0866-4775-955F-6C3241D2AE80}.Debug6.ActiveCfg = Debug|Win32
		{F573DE85-0866-4775-955F-6C3241D2AE80}.DebugNoExceptions.ActiveCfg = Debug|Win32
		{F573DE85-0866-4775-955F-6C3241D2AE80}.DebugNoExceptions.Build.0 = Debug|Win32
		{F573DE85-0866-4775-955F-6C3241D2AE80}.Mixed.ActiveCfg = Debug|Win32
		{F573DE85-0866-4775-955F-6C3241D2AE80}.Mixed.Build.0 = Debug|Win32
		{F573DE85-0866-4775-955F-6C3241D2AE80}.Release.ActiveCfg = Release|Win32
		{F573DE85-0866-4775-955F-6C3241D2AE80}.Release.Build.0 = Release|Win32
		{F573DE85-0866-4775-955F-6C3241D2AE80}.ReleaseDebug.ActiveCfg = Release|Win32
		{F573DE85-0866-4775-955F-6C3241D2AE75}.Debug.ActiveCfg = Debug|Win32
		{F573DE85-0866-4775-955F-6C3241D2AE75}.Debug.Build.0 = Debug|Win32
		{F573DE85-0866-4775-955F-6C3241D2AE75}.Debug6.ActiveCfg = Debug|Win32
		{F573DE85-0866-4775-955F-6C3241D2AE75}.DebugNoExceptions.ActiveCfg = Debug|Win32
		{F573DE85-0866-4775-955F-6C3241D2AE75}.DebugNoExceptions.Build.0 = Debug|Win32
		{F573DE85-0866-4775-955F-6C3241D2AE75}.Mixed.ActiveCfg = Debug|Win32
		{F573DE85-0866-4775-955F-6C3241D2AE75}.Mixed.Build.0 = Debug|Win32
		{F573DE85-0866-4775-955F-6C3241D2AE75}.Release.ActiveCfg = Release|Win32
		{F573DE85-0866-4775-955F-6C3241D2AE75}.Release.Build.0 = Release|Win32
		{F573DE85-0866-4775-955F-6C3241D2AE75}.ReleaseDebug.ActiveCfg = Release|Win32
		{39EE310B-4F1D-4716-A39F-4AB844DB3675}.Debug.ActiveCfg = Debug|Win32
		{39EE310B-4F1D-4716-A39F-4AB844DB3675}.Debug.Build.0 = Debug|Win32
		{39EE310B-4F1D-4716-A39F-4AB844DB3675}.Debug6.ActiveCfg = Debug|Win32
		{39EE310B-4F1D-4716-A39F-4AB844DB3675}.DebugNoExceptions.ActiveCfg = Debug|Win32
		{39EE310B-4F1D-4716-A39F-4AB844DB3675}.DebugNoExceptions.Build.0 = Debug|Win32
		{39EE310B-4F1D-4716-A39F-4AB844DB3675}.Mixed.ActiveCfg = Debug|Win32
		{39EE310B-4F1D-4716-A39F-4AB844DB3675}.Mixed.Build.0 = Debug|Win32
		{39EE310B-4F1D-4716-A39F-4AB844DB3675}.Release.ActiveCfg = Release|Win32
		{39EE310B-4F1D-4716-A39F-4AB844DB3675}.Release.Build.0 = Release|Win32
		{39EE310B-4F1D-4716-A39F-4AB844DB3675}.ReleaseDebug.ActiveCfg = Release|Win32
		{93AD3B7E-71DE-4FA2-90E7-A79782ED4960}.Debug.ActiveCfg = Debug|Win32
		{93AD3B7E-71DE-4FA2-90E7-A79782ED4960}.Debug.Build.0 = Debug|Win32
		{93AD3B7E-71DE-4FA2-90E7-A79782ED4960}.Debug6.ActiveCfg = Debug6|Win32
		{93AD3B7E-71DE-4FA2-90E7-A79782ED4960}.Debug6.Build.0 = Debug6|Win32
		{93AD3B7E-71DE-4FA2-90E7-A79782ED4960}.DebugNoExceptions.ActiveCfg = Debug6|Win32
		{93AD3B7E-71DE-4FA2-90E7-A79782ED4960}.DebugNoExceptions.Build.0 = Debug6|Win32
		{93AD3B7E-71DE-4FA2-90E7-A79782ED4960}.Mixed.ActiveCfg = Mixed|Win32
		{93AD3B7E-71DE-4FA2-90E7-A79782ED4960}.Mixed.Build.0 = Mixed|Win32
		{93AD3B7E-71DE-4FA2-90E7-A79782ED4960}.Release.ActiveCfg = Release|Win32
		{93AD3B7E-71DE-4FA2-90E7-A79782ED4960}.Release.Build.0 = Release|Win32
		{93AD3B7E-71DE-4FA2-90E7-A79782ED4960}.ReleaseDebug.ActiveCfg = Release6|Win32
		{93AD3B7E-71DE-4FA2-90E7-A79782ED4960}.ReleaseDebug.Build.0 = Release6|Win32
		{56AD8F54-F89E-4B5A-93F8-8A617BFD1160}.Debug.ActiveCfg = Debug|Win32
		{56AD8F54-F89E-4B5A-93F8-8A617BFD1160}.Debug.Build.0 = Debug|Win32
		{56AD8F54-F89E-4B5A-93F8-8A617BFD1160}.Debug6.ActiveCfg = Debug6|Win32
		{56AD8F54-F89E-4B5A-93F8-8A617BFD1160}.Debug6.Build.0 = Debug6|Win32
		{56AD8F54-F89E-4B5A-93F8-8A617BFD1160}.DebugNoExceptions.ActiveCfg = Debug6|Win32
		{56AD8F54-F89E-4B5A-93F8-8A617BFD1160}.DebugNoExceptions.Build.0 = Debug6|Win32
		{56AD8F54-F89E-4B5A-93F8-8A617BFD1160}.Mixed.ActiveCfg = Debug6|Win32
		{56AD8F54-F89E-4B5A-93F8-8A617BFD1160}.Mixed.Build.0 = Debug6|Win32
		{56AD8F54-F89E-4B5A-93F8-8A617BFD1160}.Release.ActiveCfg = Release|Win32
		{56AD8F54-F89E-4B5A-93F8-8A617BFD1160}.Release.Build.0 = Release|Win32
		{56AD8F54-F89E-4B5A-93F8-8A617BFD1160}.ReleaseDebug.ActiveCfg = Release|Win32
		{A0F7D1FB-59A7-4717-A7E4-96F37E91998E}.Debug.ActiveCfg = Debug|Win32
		{A0F7D1FB-59A7-4717-A7E4-96F37E91998E}.Debug.Build.0 = Debug|Win32
		{A0F7D1FB-59A7-4717-A7E4-96F37E91998E}.Debug6.ActiveCfg = DebugNoExceptions|Win32
		{A0F7D1FB-59A7-4717-A7E4-96F37E91998E}.Debug6.Build.0 = DebugNoExceptions|Win32
		{A0F7D1FB-59A7-4717-A7E4-96F37E91998E}.DebugNoExceptions.ActiveCfg = DebugNoExceptions|Win32
		{A0F7D1FB-59A7-4717-A7E4-96F37E91998E}.DebugNoExceptions.Build.0 = DebugNoExceptions|Win32
		{A0F7D1FB-59A7-4717-A7E4-96F37E91998E}.Mixed.ActiveCfg = Mixed|Win32
		{A0F7D1FB-59A7-4717-A7E4-96F37E91998E}.Mixed.Build.0 = Mixed|Win32
		{A0F7D1FB-59A7-4717-A7E4-96F37E91998E}.Release.ActiveCfg = Release|Win32
		{A0F7D1FB-59A7-4717-A7E4-96F37E91998E}.Release.Build.0 = Release|Win32
		{A0F7D1FB-59A7-4717-A7E4-96F37E91998E}.ReleaseDebug.ActiveCfg = Release|Win32
		{A0F7D1FB-59A7-4717-A7E4-96F37E91998E}.ReleaseDebug.Build.0 = Release|Win32
		{B0ED3CE2-1417-46EF-AE39-59BCFF672670}.Debug.ActiveCfg = Debug|Win32
		{B0ED3CE2-1417-46EF-AE39-59BCFF672670}.Debug.Build.0 = Debug|Win32
		{B0ED3CE2-1417-46EF-AE39-59BCFF672670}.Debug6.ActiveCfg = Debug|Win32
		{B0ED3CE2-1417-46EF-AE39-59BCFF672670}.Debug6.Build.0 = Debug|Win32
		{B0ED3CE2-1417-46EF-AE39-59BCFF672670}.DebugNoExceptions.ActiveCfg = Debug|Win32
		{B0ED3CE2-1417-46EF-AE39-59BCFF672670}.DebugNoExceptions.Build.0 = Debug|Win32
		{B0ED3CE2-1417-46EF-AE39-59BCFF672670}.Mixed.ActiveCfg = Release|Win32
		{B0ED3CE2-1417-46EF-AE39-59BCFF672670}.Mixed.Build.0 = Release|Win32
		{B0ED3CE2-1417-46EF-AE39-59BCFF672670}.Release.ActiveCfg = Release|Win32
		{B0ED3CE2-1417-46EF-AE39-59BCFF672670}.Release.Build.0 = Release|Win32
		{B0ED3CE2-1417-46EF-AE39-59BCFF672670}.ReleaseDebug.ActiveCfg = ReleaseDebug|Win32
		{B0ED3CE2-1417-46EF-AE39-59BCFF672670}.ReleaseDebug.Build.0 = ReleaseDebug|Win32
		{B0ED3CE2-1417-46EF-AE39-59BCFF672070}.Debug.ActiveCfg = Debug|Win32
		{B0ED3CE2-1417-46EF-AE39-59BCFF672070}.Debug.Build.0 = Debug|Win32
		{B0ED3CE2-1417-46EF-AE39-59BCFF672070}.Debug6.ActiveCfg = Debug|Win32
		{B0ED3CE2-1417-46EF-AE39-59BCFF672070}.Debug6.Build.0 = Debug|Win32
		{B0ED3CE2-1417-46EF-AE39-59BCFF672070}.DebugNoExceptions.ActiveCfg = Debug|Win32
		{B0ED3CE2-1417-46EF-AE39-59BCFF672070}.DebugNoExceptions.Build.0 = Debug|Win32
		{B0ED3CE2-1417-46EF-AE39-59BCFF672070}.Mixed.ActiveCfg = Release|Win32
		{B0ED3CE2-1417-46EF-AE39-59BCFF672070}.Mixed.Build.0 = Release|Win32
		{B0ED3CE2-1417-46EF-AE39-59BCFF672070}.Release.ActiveCfg = Release|Win32
		{B0ED3CE2-1417-46EF-AE39-59BCFF672070}.Release.Build.0 = Release|Win32
		{B0ED3CE2-1417-46EF-AE39-59BCFF672070}.ReleaseDebug.ActiveCfg = ReleaseDebug|Win32
		{B0ED3CE2-1417-46EF-AE39-59BCFF672070}.ReleaseDebug.Build.0 = ReleaseDebug|Win32
	EndGlobalSection
	GlobalSection(ExtensibilityGlobals) = postSolution
	EndGlobalSection
	GlobalSection(ExtensibilityAddIns) = postSolution
	EndGlobalSection
EndGlobal
